// !$*UTF8*$!
{
	archiveVersion = 1;
	classes = {
	};
	objectVersion = 46;
	objects = {

/* Begin PBXBuildFile section */
		730A716B1E719EBC00BA099A /* TicketViewController.swift in Sources */ = {isa = PBXBuildFile; fileRef = 730A716A1E719EBC00BA099A /* TicketViewController.swift */; };
		730A716D1E719FB800BA099A /* ITicketView.swift in Sources */ = {isa = PBXBuildFile; fileRef = 730A716C1E719FB800BA099A /* ITicketView.swift */; };
		730A716F1E71AC3900BA099A /* TicketPresenter.swift in Sources */ = {isa = PBXBuildFile; fileRef = 730A716E1E71AC3900BA099A /* TicketPresenter.swift */; };
		730A71711E71B04000BA099A /* CheckOutReq.swift in Sources */ = {isa = PBXBuildFile; fileRef = 730A71701E71B04000BA099A /* CheckOutReq.swift */; };
		730A71741E71B84900BA099A /* TicketViewDelegate.swift in Sources */ = {isa = PBXBuildFile; fileRef = 730A71731E71B84900BA099A /* TicketViewDelegate.swift */; };
		7318665C1E63E15100427153 /* ParkingInfoBottomsheetViewController.swift in Sources */ = {isa = PBXBuildFile; fileRef = 7318665B1E63E15100427153 /* ParkingInfoBottomsheetViewController.swift */; };
		7318665E1E64162500427153 /* TestViewController.swift in Sources */ = {isa = PBXBuildFile; fileRef = 7318665D1E64162500427153 /* TestViewController.swift */; };
		731866641E64824B00427153 /* ParkingInfoEntity.swift in Sources */ = {isa = PBXBuildFile; fileRef = 731866631E64824B00427153 /* ParkingInfoEntity.swift */; };
		731866661E6482FD00427153 /* PriceEntity.swift in Sources */ = {isa = PBXBuildFile; fileRef = 731866651E6482FD00427153 /* PriceEntity.swift */; };
		7318666A1E64840C00427153 /* ParkingPictureEntity.swift in Sources */ = {isa = PBXBuildFile; fileRef = 731866691E64840C00427153 /* ParkingPictureEntity.swift */; };
		7321F8401E6D52FA00519B15 /* MasterViewController.swift in Sources */ = {isa = PBXBuildFile; fileRef = 7321F83F1E6D52FA00519B15 /* MasterViewController.swift */; };
		7321F8421E6D533600519B15 /* IMasterView.swift in Sources */ = {isa = PBXBuildFile; fileRef = 7321F8411E6D533600519B15 /* IMasterView.swift */; };
		7321F8441E6D54DC00519B15 /* Main.storyboard in Resources */ = {isa = PBXBuildFile; fileRef = 7321F8431E6D54DC00519B15 /* Main.storyboard */; };
		7321F8461E6D605700519B15 /* FavoriteViewController.swift in Sources */ = {isa = PBXBuildFile; fileRef = 7321F8451E6D605700519B15 /* FavoriteViewController.swift */; };
		7321F8481E6D606600519B15 /* VerhicleViewController.swift in Sources */ = {isa = PBXBuildFile; fileRef = 7321F8471E6D606600519B15 /* VerhicleViewController.swift */; };
		7321F84A1E6D607300519B15 /* CheckInViewController.swift in Sources */ = {isa = PBXBuildFile; fileRef = 7321F8491E6D607300519B15 /* CheckInViewController.swift */; };
		7321F84C1E6DB03F00519B15 /* QRCodeScannerViewController.swift in Sources */ = {isa = PBXBuildFile; fileRef = 7321F84B1E6DB03F00519B15 /* QRCodeScannerViewController.swift */; };
		7321F84E1E6DB08000519B15 /* IQRCodeScannerView.swift in Sources */ = {isa = PBXBuildFile; fileRef = 7321F84D1E6DB08000519B15 /* IQRCodeScannerView.swift */; };
		7337B34B1EA52BBE00102FF0 /* Pods_VParking.framework in Frameworks */ = {isa = PBXBuildFile; fileRef = 7337B34A1EA52BBE00102FF0 /* Pods_VParking.framework */; };
		7337B3511EA52C1E00102FF0 /* AccountKit.framework in Frameworks */ = {isa = PBXBuildFile; fileRef = 7337B34C1EA52C1E00102FF0 /* AccountKit.framework */; };
		7337B3521EA52C1E00102FF0 /* AccountKitStrings.bundle in Resources */ = {isa = PBXBuildFile; fileRef = 7337B34D1EA52C1E00102FF0 /* AccountKitStrings.bundle */; };
		7337B3531EA52C1E00102FF0 /* Bolts.framework in Frameworks */ = {isa = PBXBuildFile; fileRef = 7337B34E1EA52C1E00102FF0 /* Bolts.framework */; };
		7337B3541EA52C1E00102FF0 /* FBSDKCoreKit.framework in Frameworks */ = {isa = PBXBuildFile; fileRef = 7337B34F1EA52C1E00102FF0 /* FBSDKCoreKit.framework */; };
		7337B3551EA52C1E00102FF0 /* FBSDKLoginKit.framework in Frameworks */ = {isa = PBXBuildFile; fileRef = 7337B3501EA52C1E00102FF0 /* FBSDKLoginKit.framework */; };
		7338A8441E763949004C9030 /* ProfileViewController.swift in Sources */ = {isa = PBXBuildFile; fileRef = 7338A8431E763949004C9030 /* ProfileViewController.swift */; };
		7338A8461E7650E5004C9030 /* IProfileView.swift in Sources */ = {isa = PBXBuildFile; fileRef = 7338A8451E7650E5004C9030 /* IProfileView.swift */; };
		733A26C11E6D14A10091AF73 /* AuthenticateEntity.swift in Sources */ = {isa = PBXBuildFile; fileRef = 733A26C01E6D14A10091AF73 /* AuthenticateEntity.swift */; };
		73677A9D1E60180C001D37F8 /* FindCodition.swift in Sources */ = {isa = PBXBuildFile; fileRef = 73677A9C1E60180C001D37F8 /* FindCodition.swift */; };
		739D40D21E70E7800046CD60 /* VerhicleEntity.swift in Sources */ = {isa = PBXBuildFile; fileRef = 739D40D11E70E7800046CD60 /* VerhicleEntity.swift */; };
		739D40D41E70E8340046CD60 /* QRCodeScannerPresenter.swift in Sources */ = {isa = PBXBuildFile; fileRef = 739D40D31E70E8340046CD60 /* QRCodeScannerPresenter.swift */; };
		739D40D61E70E9880046CD60 /* VerhicleSortResult.swift in Sources */ = {isa = PBXBuildFile; fileRef = 739D40D51E70E9880046CD60 /* VerhicleSortResult.swift */; };
		739D40D81E70F8CC0046CD60 /* CheckInEntity.swift in Sources */ = {isa = PBXBuildFile; fileRef = 739D40D71E70F8CC0046CD60 /* CheckInEntity.swift */; };
		739D40DB1E7131880046CD60 /* CheckInTableViewCell.swift in Sources */ = {isa = PBXBuildFile; fileRef = 739D40D91E7131880046CD60 /* CheckInTableViewCell.swift */; };
		739D40DC1E7131880046CD60 /* CheckInTableViewCell.xib in Resources */ = {isa = PBXBuildFile; fileRef = 739D40DA1E7131880046CD60 /* CheckInTableViewCell.xib */; };
		739D40E01E713AC90046CD60 /* CheckInInfo.swift in Sources */ = {isa = PBXBuildFile; fileRef = 739D40DF1E713AC90046CD60 /* CheckInInfo.swift */; };
		739D40E21E713DBA0046CD60 /* CheckInList.swift in Sources */ = {isa = PBXBuildFile; fileRef = 739D40E11E713DBA0046CD60 /* CheckInList.swift */; };
		739D40E41E713F230046CD60 /* CheckInPresenter.swift in Sources */ = {isa = PBXBuildFile; fileRef = 739D40E31E713F230046CD60 /* CheckInPresenter.swift */; };
		739D40E61E713F440046CD60 /* ICheckInView.swift in Sources */ = {isa = PBXBuildFile; fileRef = 739D40E51E713F440046CD60 /* ICheckInView.swift */; };
		73A9A4AF1E6A708B007EC581 /* ParkingInfoPresenter.swift in Sources */ = {isa = PBXBuildFile; fileRef = 73A9A4AE1E6A708B007EC581 /* ParkingInfoPresenter.swift */; };
		73A9A4B11E6A7236007EC581 /* ParkingRequest.swift in Sources */ = {isa = PBXBuildFile; fileRef = 73A9A4B01E6A7236007EC581 /* ParkingRequest.swift */; };
		73ADC89E1E56E1E1001D6B4F /* UIDevice.swift in Sources */ = {isa = PBXBuildFile; fileRef = 73ADC89D1E56E1E1001D6B4F /* UIDevice.swift */; };
		73ADC8A11E56E4DB001D6B4F /* UserManager.swift in Sources */ = {isa = PBXBuildFile; fileRef = 73ADC8A01E56E4DB001D6B4F /* UserManager.swift */; };
		73ADC8A41E56E545001D6B4F /* SessionManager.swift in Sources */ = {isa = PBXBuildFile; fileRef = 73ADC8A31E56E545001D6B4F /* SessionManager.swift */; };
		73ADC8A61E56E93F001D6B4F /* IRestFulResult.swift in Sources */ = {isa = PBXBuildFile; fileRef = 73ADC8A51E56E93F001D6B4F /* IRestFulResult.swift */; };
		73ADC8A81E56E980001D6B4F /* NIPError.swift in Sources */ = {isa = PBXBuildFile; fileRef = 73ADC8A71E56E980001D6B4F /* NIPError.swift */; };
		73ADC8AA1E56EBB4001D6B4F /* HttpRequestManager.swift in Sources */ = {isa = PBXBuildFile; fileRef = 73ADC8A91E56EBB4001D6B4F /* HttpRequestManager.swift */; };
		73ADC8AC1E56EF87001D6B4F /* ResultBase.swift in Sources */ = {isa = PBXBuildFile; fileRef = 73ADC8AB1E56EF87001D6B4F /* ResultBase.swift */; };
		73ADC8AE1E56FB5F001D6B4F /* NIPUMBaseRequest.swift in Sources */ = {isa = PBXBuildFile; fileRef = 73ADC8AD1E56FB5F001D6B4F /* NIPUMBaseRequest.swift */; };
		73ADC8B01E56FC35001D6B4F /* FBLoginEntity.swift in Sources */ = {isa = PBXBuildFile; fileRef = 73ADC8AF1E56FC35001D6B4F /* FBLoginEntity.swift */; };
		73ADC8B21E5706A6001D6B4F /* DeviceEntity.swift in Sources */ = {isa = PBXBuildFile; fileRef = 73ADC8B11E5706A6001D6B4F /* DeviceEntity.swift */; };
		73ADC8B41E5707BC001D6B4F /* NIPLoginResult.swift in Sources */ = {isa = PBXBuildFile; fileRef = 73ADC8B31E5707BC001D6B4F /* NIPLoginResult.swift */; };
		73ADC8B61E583175001D6B4F /* AKLoginEntity.swift in Sources */ = {isa = PBXBuildFile; fileRef = 73ADC8B51E583175001D6B4F /* AKLoginEntity.swift */; };
		73B338DC1E6020B400135688 /* FindParkingResult.swift in Sources */ = {isa = PBXBuildFile; fileRef = 73B338DB1E6020B400135688 /* FindParkingResult.swift */; };
		73B338DE1E6028FC00135688 /* FindParkingEntity.swift in Sources */ = {isa = PBXBuildFile; fileRef = 73B338DD1E6028FC00135688 /* FindParkingEntity.swift */; };
		73C6EDC11E6556850008A91D /* UIBottomSheetTestViewController.swift in Sources */ = {isa = PBXBuildFile; fileRef = 73C6EDC01E6556850008A91D /* UIBottomSheetTestViewController.swift */; };
		73C87FDC1E59F21900EAA842 /* ISideMenuView.swift in Sources */ = {isa = PBXBuildFile; fileRef = 73C87FDB1E59F21900EAA842 /* ISideMenuView.swift */; };
		73C87FDE1E59F31900EAA842 /* SideMenuPrecenter.swift in Sources */ = {isa = PBXBuildFile; fileRef = 73C87FDD1E59F31900EAA842 /* SideMenuPrecenter.swift */; };
		73C87FE01E59F3D400EAA842 /* ParkingManager.swift in Sources */ = {isa = PBXBuildFile; fileRef = 73C87FDF1E59F3D400EAA842 /* ParkingManager.swift */; };
		73C87FE21E59F67500EAA842 /* UserProfileEntity.swift in Sources */ = {isa = PBXBuildFile; fileRef = 73C87FE11E59F67500EAA842 /* UserProfileEntity.swift */; };
		73C87FE41E59FB7A00EAA842 /* UIImageView.swift in Sources */ = {isa = PBXBuildFile; fileRef = 73C87FE31E59FB7A00EAA842 /* UIImageView.swift */; };
		73C87FE81E5A038F00EAA842 /* MenuTableViewCell.swift in Sources */ = {isa = PBXBuildFile; fileRef = 73C87FE61E5A038F00EAA842 /* MenuTableViewCell.swift */; };
		73C87FE91E5A038F00EAA842 /* MenuTableViewCell.xib in Resources */ = {isa = PBXBuildFile; fileRef = 73C87FE71E5A038F00EAA842 /* MenuTableViewCell.xib */; };
		73D05FF11E5B3DB300D8E371 /* LaunchScreenViewController.swift in Sources */ = {isa = PBXBuildFile; fileRef = 73D05FF01E5B3DB300D8E371 /* LaunchScreenViewController.swift */; };
		73D05FF31E5B3EDC00D8E371 /* ILaunchScreenView.swift in Sources */ = {isa = PBXBuildFile; fileRef = 73D05FF21E5B3EDC00D8E371 /* ILaunchScreenView.swift */; };
		73D05FF51E5B3FD100D8E371 /* LaunchScreenPresenter.swift in Sources */ = {isa = PBXBuildFile; fileRef = 73D05FF41E5B3FD100D8E371 /* LaunchScreenPresenter.swift */; };
		73D38D0A1E55505E005B9E9F /* AppDelegate.swift in Sources */ = {isa = PBXBuildFile; fileRef = 73D38D091E55505E005B9E9F /* AppDelegate.swift */; };
		73D38D111E55505E005B9E9F /* Assets.xcassets in Resources */ = {isa = PBXBuildFile; fileRef = 73D38D101E55505E005B9E9F /* Assets.xcassets */; };
		73D38D141E55505E005B9E9F /* LaunchScreen.storyboard in Resources */ = {isa = PBXBuildFile; fileRef = 73D38D121E55505E005B9E9F /* LaunchScreen.storyboard */; };
		73D38D1F1E55505E005B9E9F /* VParkingTests.swift in Sources */ = {isa = PBXBuildFile; fileRef = 73D38D1E1E55505E005B9E9F /* VParkingTests.swift */; };
		73D38D2A1E55505E005B9E9F /* VParkingUITests.swift in Sources */ = {isa = PBXBuildFile; fileRef = 73D38D291E55505E005B9E9F /* VParkingUITests.swift */; };
		73D38D3C1E55514D005B9E9F /* SWRevealViewController.m in Sources */ = {isa = PBXBuildFile; fileRef = 73D38D3B1E55514D005B9E9F /* SWRevealViewController.m */; };
		73D38D3F1E5554DB005B9E9F /* HomeViewController.swift in Sources */ = {isa = PBXBuildFile; fileRef = 73D38D3D1E5554DB005B9E9F /* HomeViewController.swift */; };
		73D38D441E55590A005B9E9F /* ILoginView.swift in Sources */ = {isa = PBXBuildFile; fileRef = 73D38D431E55590A005B9E9F /* ILoginView.swift */; };
		73D38D461E555968005B9E9F /* IViewBase.swift in Sources */ = {isa = PBXBuildFile; fileRef = 73D38D451E555968005B9E9F /* IViewBase.swift */; };
		73D38D891E558730005B9E9F /* SideMenuViewController.swift in Sources */ = {isa = PBXBuildFile; fileRef = 73D38D881E558730005B9E9F /* SideMenuViewController.swift */; };
		73D38D901E55918E005B9E9F /* PresenterBase.swift in Sources */ = {isa = PBXBuildFile; fileRef = 73D38D8F1E55918E005B9E9F /* PresenterBase.swift */; };
		73D38D921E5591B2005B9E9F /* LoginPresenter.swift in Sources */ = {isa = PBXBuildFile; fileRef = 73D38D911E5591B2005B9E9F /* LoginPresenter.swift */; };
		73D38D941E5591F3005B9E9F /* IHomeView.swift in Sources */ = {isa = PBXBuildFile; fileRef = 73D38D931E5591F3005B9E9F /* IHomeView.swift */; };
		73D38D961E55922E005B9E9F /* HomePresenter.swift in Sources */ = {isa = PBXBuildFile; fileRef = 73D38D951E55922E005B9E9F /* HomePresenter.swift */; };
		73D38DA11E55E598005B9E9F /* LoginViewController.swift in Sources */ = {isa = PBXBuildFile; fileRef = 73D38DA01E55E598005B9E9F /* LoginViewController.swift */; };
		73D38DA41E55ED4F005B9E9F /* ColorUtils.swift in Sources */ = {isa = PBXBuildFile; fileRef = 73D38DA31E55ED4F005B9E9F /* ColorUtils.swift */; };
		73D38DA61E55F2D7005B9E9F /* Toast.swift in Sources */ = {isa = PBXBuildFile; fileRef = 73D38DA51E55F2D7005B9E9F /* Toast.swift */; };
		73D38DB11E560CB7005B9E9F /* DemoFacebokViewController.swift in Sources */ = {isa = PBXBuildFile; fileRef = 73D38DB01E560CB7005B9E9F /* DemoFacebokViewController.swift */; };
		73DC70CB1E6813E600AEBBA5 /* GoogleMapApi.swift in Sources */ = {isa = PBXBuildFile; fileRef = 73DC70CA1E6813E600AEBBA5 /* GoogleMapApi.swift */; };
		73DC70CD1E68660300AEBBA5 /* IParkingInfoBottomSheet.swift in Sources */ = {isa = PBXBuildFile; fileRef = 73DC70CC1E68660300AEBBA5 /* IParkingInfoBottomSheet.swift */; };
		73DC70CF1E6866A300AEBBA5 /* ParkingInfoBottomSheetExtensionView.swift in Sources */ = {isa = PBXBuildFile; fileRef = 73DC70CE1E6866A300AEBBA5 /* ParkingInfoBottomSheetExtensionView.swift */; };
		73DC70D11E6874DF00AEBBA5 /* ViewControllerExtension.swift in Sources */ = {isa = PBXBuildFile; fileRef = 73DC70D01E6874DF00AEBBA5 /* ViewControllerExtension.swift */; };
		75F797CB9576A805DF7F1C11 /* Pods_VParking.framework in Frameworks */ = {isa = PBXBuildFile; fileRef = 78BF056401FA1114925C80F4 /* Pods_VParking.framework */; };
		AA1312601E7A450B0088ACD7 /* IAddVerhicleView.swift in Sources */ = {isa = PBXBuildFile; fileRef = AA13125F1E7A450B0088ACD7 /* IAddVerhicleView.swift */; };
		AA1312621E7A45710088ACD7 /* AddVerhiclePresenter.swift in Sources */ = {isa = PBXBuildFile; fileRef = AA1312611E7A45710088ACD7 /* AddVerhiclePresenter.swift */; };
		AA21FF721E78E7EB002D5A82 /* VerhicleTableViewCell.xib in Resources */ = {isa = PBXBuildFile; fileRef = AA21FF711E78E7EB002D5A82 /* VerhicleTableViewCell.xib */; };
		AA21FF741E78E985002D5A82 /* VerhicleTableViewCell.swift in Sources */ = {isa = PBXBuildFile; fileRef = AA21FF731E78E985002D5A82 /* VerhicleTableViewCell.swift */; };
		AA21FF761E78EC62002D5A82 /* BrandNameEntity.swift in Sources */ = {isa = PBXBuildFile; fileRef = AA21FF751E78EC62002D5A82 /* BrandNameEntity.swift */; };
		AA21FF781E79266A002D5A82 /* IVerhicleView.swift in Sources */ = {isa = PBXBuildFile; fileRef = AA21FF771E79266A002D5A82 /* IVerhicleView.swift */; };
		AA21FF7A1E792778002D5A82 /* VerhiclePresenter.swift in Sources */ = {isa = PBXBuildFile; fileRef = AA21FF791E792778002D5A82 /* VerhiclePresenter.swift */; };
		AA21FF7C1E793AF8002D5A82 /* AddVerhicleViewController.swift in Sources */ = {isa = PBXBuildFile; fileRef = AA21FF7B1E793AF8002D5A82 /* AddVerhicleViewController.swift */; };
		AA2B8F8E1E84200000536CDF /* AvatarEntity.swift in Sources */ = {isa = PBXBuildFile; fileRef = AA2B8F8D1E84200000536CDF /* AvatarEntity.swift */; };
		AA52E2EB1E9DC99F00678E50 /* InfoViewController.swift in Sources */ = {isa = PBXBuildFile; fileRef = AA52E2EA1E9DC99F00678E50 /* InfoViewController.swift */; };
		AA5A1B831E82307F001B6296 /* ProfileRequest.swift in Sources */ = {isa = PBXBuildFile; fileRef = AA5A1B821E82307F001B6296 /* ProfileRequest.swift */; };
		AA5A1B851E823145001B6296 /* ProfilePresenter.swift in Sources */ = {isa = PBXBuildFile; fileRef = AA5A1B841E823145001B6296 /* ProfilePresenter.swift */; };
		AA7BFD701E7B8098009C97D0 /* VerhicleRequest.swift in Sources */ = {isa = PBXBuildFile; fileRef = AA7BFD6F1E7B8098009C97D0 /* VerhicleRequest.swift */; };
		AA98816B1E99622500199518 /* PhoneRequest.swift in Sources */ = {isa = PBXBuildFile; fileRef = AA98816A1E99622500199518 /* PhoneRequest.swift */; };
		AAB334111E779BBE00571FFA /* FavoriteTableViewCell.xib in Resources */ = {isa = PBXBuildFile; fileRef = AAB334101E779BBE00571FFA /* FavoriteTableViewCell.xib */; };
		AAB334131E779D8700571FFA /* FavoriteTableViewCell.swift in Sources */ = {isa = PBXBuildFile; fileRef = AAB334121E779D8700571FFA /* FavoriteTableViewCell.swift */; };
		AAB334151E779EFA00571FFA /* FavoriteEntity.swift in Sources */ = {isa = PBXBuildFile; fileRef = AAB334141E779EFA00571FFA /* FavoriteEntity.swift */; };
		AAB334171E77A0C300571FFA /* IFavoriteView.swift in Sources */ = {isa = PBXBuildFile; fileRef = AAB334161E77A0C300571FFA /* IFavoriteView.swift */; };
		AAB334191E77A15600571FFA /* FavoritePresenter.swift in Sources */ = {isa = PBXBuildFile; fileRef = AAB334181E77A15600571FFA /* FavoritePresenter.swift */; };
/* End PBXBuildFile section */

/* Begin PBXContainerItemProxy section */
		73D38D1B1E55505E005B9E9F /* PBXContainerItemProxy */ = {
			isa = PBXContainerItemProxy;
			containerPortal = 73D38CFE1E55505E005B9E9F /* Project object */;
			proxyType = 1;
			remoteGlobalIDString = 73D38D051E55505E005B9E9F;
			remoteInfo = VParking;
		};
		73D38D261E55505E005B9E9F /* PBXContainerItemProxy */ = {
			isa = PBXContainerItemProxy;
			containerPortal = 73D38CFE1E55505E005B9E9F /* Project object */;
			proxyType = 1;
			remoteGlobalIDString = 73D38D051E55505E005B9E9F;
			remoteInfo = VParking;
		};
/* End PBXContainerItemProxy section */

/* Begin PBXFileReference section */
		3C4EF982E65819EA497ECE97 /* Pods-VParking.debug.xcconfig */ = {isa = PBXFileReference; includeInIndex = 1; lastKnownFileType = text.xcconfig; name = "Pods-VParking.debug.xcconfig"; path = "Pods/Target Support Files/Pods-VParking/Pods-VParking.debug.xcconfig"; sourceTree = "<group>"; };
		730A716A1E719EBC00BA099A /* TicketViewController.swift */ = {isa = PBXFileReference; fileEncoding = 4; lastKnownFileType = sourcecode.swift; path = TicketViewController.swift; sourceTree = "<group>"; };
		730A716C1E719FB800BA099A /* ITicketView.swift */ = {isa = PBXFileReference; fileEncoding = 4; lastKnownFileType = sourcecode.swift; path = ITicketView.swift; sourceTree = "<group>"; };
		730A716E1E71AC3900BA099A /* TicketPresenter.swift */ = {isa = PBXFileReference; fileEncoding = 4; lastKnownFileType = sourcecode.swift; path = TicketPresenter.swift; sourceTree = "<group>"; };
		730A71701E71B04000BA099A /* CheckOutReq.swift */ = {isa = PBXFileReference; fileEncoding = 4; lastKnownFileType = sourcecode.swift; path = CheckOutReq.swift; sourceTree = "<group>"; };
		730A71731E71B84900BA099A /* TicketViewDelegate.swift */ = {isa = PBXFileReference; fileEncoding = 4; lastKnownFileType = sourcecode.swift; path = TicketViewDelegate.swift; sourceTree = "<group>"; };
		7318665B1E63E15100427153 /* ParkingInfoBottomsheetViewController.swift */ = {isa = PBXFileReference; fileEncoding = 4; lastKnownFileType = sourcecode.swift; path = ParkingInfoBottomsheetViewController.swift; sourceTree = "<group>"; };
		7318665D1E64162500427153 /* TestViewController.swift */ = {isa = PBXFileReference; fileEncoding = 4; lastKnownFileType = sourcecode.swift; path = TestViewController.swift; sourceTree = "<group>"; };
		731866631E64824B00427153 /* ParkingInfoEntity.swift */ = {isa = PBXFileReference; fileEncoding = 4; lastKnownFileType = sourcecode.swift; path = ParkingInfoEntity.swift; sourceTree = "<group>"; };
		731866651E6482FD00427153 /* PriceEntity.swift */ = {isa = PBXFileReference; fileEncoding = 4; lastKnownFileType = sourcecode.swift; path = PriceEntity.swift; sourceTree = "<group>"; };
		731866691E64840C00427153 /* ParkingPictureEntity.swift */ = {isa = PBXFileReference; fileEncoding = 4; lastKnownFileType = sourcecode.swift; path = ParkingPictureEntity.swift; sourceTree = "<group>"; };
		7321F83F1E6D52FA00519B15 /* MasterViewController.swift */ = {isa = PBXFileReference; fileEncoding = 4; lastKnownFileType = sourcecode.swift; path = MasterViewController.swift; sourceTree = "<group>"; };
		7321F8411E6D533600519B15 /* IMasterView.swift */ = {isa = PBXFileReference; fileEncoding = 4; lastKnownFileType = sourcecode.swift; path = IMasterView.swift; sourceTree = "<group>"; };
		7321F8431E6D54DC00519B15 /* Main.storyboard */ = {isa = PBXFileReference; fileEncoding = 4; lastKnownFileType = file.storyboard; path = Main.storyboard; sourceTree = "<group>"; };
		7321F8451E6D605700519B15 /* FavoriteViewController.swift */ = {isa = PBXFileReference; fileEncoding = 4; lastKnownFileType = sourcecode.swift; path = FavoriteViewController.swift; sourceTree = "<group>"; };
		7321F8471E6D606600519B15 /* VerhicleViewController.swift */ = {isa = PBXFileReference; fileEncoding = 4; lastKnownFileType = sourcecode.swift; path = VerhicleViewController.swift; sourceTree = "<group>"; };
		7321F8491E6D607300519B15 /* CheckInViewController.swift */ = {isa = PBXFileReference; fileEncoding = 4; lastKnownFileType = sourcecode.swift; path = CheckInViewController.swift; sourceTree = "<group>"; };
		7321F84B1E6DB03F00519B15 /* QRCodeScannerViewController.swift */ = {isa = PBXFileReference; fileEncoding = 4; lastKnownFileType = sourcecode.swift; path = QRCodeScannerViewController.swift; sourceTree = "<group>"; };
		7321F84D1E6DB08000519B15 /* IQRCodeScannerView.swift */ = {isa = PBXFileReference; fileEncoding = 4; lastKnownFileType = sourcecode.swift; path = IQRCodeScannerView.swift; sourceTree = "<group>"; };
		7337B34A1EA52BBE00102FF0 /* Pods_VParking.framework */ = {isa = PBXFileReference; lastKnownFileType = wrapper.framework; name = Pods_VParking.framework; path = "../../../../../../../../Users/td/Library/Developer/Xcode/DerivedData/VParking-fglgitidjjupluevgezrnifxzsqv/Build/Products/Debug-iphonesimulator/Pods_VParking.framework"; sourceTree = "<group>"; };
		7337B34C1EA52C1E00102FF0 /* AccountKit.framework */ = {isa = PBXFileReference; lastKnownFileType = wrapper.framework; name = AccountKit.framework; path = ../../../FACEBOOKSDK/AccountKit.framework; sourceTree = "<group>"; };
		7337B34D1EA52C1E00102FF0 /* AccountKitStrings.bundle */ = {isa = PBXFileReference; lastKnownFileType = "wrapper.plug-in"; name = AccountKitStrings.bundle; path = ../../../FACEBOOKSDK/AccountKitStrings.bundle; sourceTree = "<group>"; };
		7337B34E1EA52C1E00102FF0 /* Bolts.framework */ = {isa = PBXFileReference; lastKnownFileType = wrapper.framework; name = Bolts.framework; path = ../../../FACEBOOKSDK/Bolts.framework; sourceTree = "<group>"; };
		7337B34F1EA52C1E00102FF0 /* FBSDKCoreKit.framework */ = {isa = PBXFileReference; lastKnownFileType = wrapper.framework; name = FBSDKCoreKit.framework; path = ../../../FACEBOOKSDK/FBSDKCoreKit.framework; sourceTree = "<group>"; };
		7337B3501EA52C1E00102FF0 /* FBSDKLoginKit.framework */ = {isa = PBXFileReference; lastKnownFileType = wrapper.framework; name = FBSDKLoginKit.framework; path = ../../../FACEBOOKSDK/FBSDKLoginKit.framework; sourceTree = "<group>"; };
		7338A8431E763949004C9030 /* ProfileViewController.swift */ = {isa = PBXFileReference; fileEncoding = 4; lastKnownFileType = sourcecode.swift; path = ProfileViewController.swift; sourceTree = "<group>"; };
		7338A8451E7650E5004C9030 /* IProfileView.swift */ = {isa = PBXFileReference; fileEncoding = 4; lastKnownFileType = sourcecode.swift; path = IProfileView.swift; sourceTree = "<group>"; };
		733A26C01E6D14A10091AF73 /* AuthenticateEntity.swift */ = {isa = PBXFileReference; fileEncoding = 4; lastKnownFileType = sourcecode.swift; path = AuthenticateEntity.swift; sourceTree = "<group>"; };
		73677A9C1E60180C001D37F8 /* FindCodition.swift */ = {isa = PBXFileReference; fileEncoding = 4; lastKnownFileType = sourcecode.swift; path = FindCodition.swift; sourceTree = "<group>"; };
		737A5BAF1E6FF50F00E9E76C /* AccountKit.framework */ = {isa = PBXFileReference; lastKnownFileType = wrapper.framework; name = AccountKit.framework; path = ../../../../FACEBOOKSDK/AccountKit.framework; sourceTree = "<group>"; };
		737A5BB01E6FF50F00E9E76C /* AccountKitStrings.bundle */ = {isa = PBXFileReference; lastKnownFileType = "wrapper.plug-in"; name = AccountKitStrings.bundle; path = ../../../../FACEBOOKSDK/AccountKitStrings.bundle; sourceTree = "<group>"; };
		737A5BB11E6FF50F00E9E76C /* Bolts.framework */ = {isa = PBXFileReference; lastKnownFileType = wrapper.framework; name = Bolts.framework; path = ../../../../FACEBOOKSDK/Bolts.framework; sourceTree = "<group>"; };
		737A5BB21E6FF50F00E9E76C /* FBSDKCoreKit.framework */ = {isa = PBXFileReference; lastKnownFileType = wrapper.framework; name = FBSDKCoreKit.framework; path = ../../../../FACEBOOKSDK/FBSDKCoreKit.framework; sourceTree = "<group>"; };
		737A5BB31E6FF50F00E9E76C /* FBSDKLoginKit.framework */ = {isa = PBXFileReference; lastKnownFileType = wrapper.framework; name = FBSDKLoginKit.framework; path = ../../../../FACEBOOKSDK/FBSDKLoginKit.framework; sourceTree = "<group>"; };
		739D40D11E70E7800046CD60 /* VerhicleEntity.swift */ = {isa = PBXFileReference; fileEncoding = 4; lastKnownFileType = sourcecode.swift; path = VerhicleEntity.swift; sourceTree = "<group>"; };
		739D40D31E70E8340046CD60 /* QRCodeScannerPresenter.swift */ = {isa = PBXFileReference; fileEncoding = 4; lastKnownFileType = sourcecode.swift; path = QRCodeScannerPresenter.swift; sourceTree = "<group>"; };
		739D40D51E70E9880046CD60 /* VerhicleSortResult.swift */ = {isa = PBXFileReference; fileEncoding = 4; lastKnownFileType = sourcecode.swift; path = VerhicleSortResult.swift; sourceTree = "<group>"; };
		739D40D71E70F8CC0046CD60 /* CheckInEntity.swift */ = {isa = PBXFileReference; fileEncoding = 4; lastKnownFileType = sourcecode.swift; path = CheckInEntity.swift; sourceTree = "<group>"; };
		739D40D91E7131880046CD60 /* CheckInTableViewCell.swift */ = {isa = PBXFileReference; fileEncoding = 4; lastKnownFileType = sourcecode.swift; path = CheckInTableViewCell.swift; sourceTree = "<group>"; };
		739D40DA1E7131880046CD60 /* CheckInTableViewCell.xib */ = {isa = PBXFileReference; fileEncoding = 4; lastKnownFileType = file.xib; path = CheckInTableViewCell.xib; sourceTree = "<group>"; };
		739D40DF1E713AC90046CD60 /* CheckInInfo.swift */ = {isa = PBXFileReference; fileEncoding = 4; lastKnownFileType = sourcecode.swift; path = CheckInInfo.swift; sourceTree = "<group>"; };
		739D40E11E713DBA0046CD60 /* CheckInList.swift */ = {isa = PBXFileReference; fileEncoding = 4; lastKnownFileType = sourcecode.swift; path = CheckInList.swift; sourceTree = "<group>"; };
		739D40E31E713F230046CD60 /* CheckInPresenter.swift */ = {isa = PBXFileReference; fileEncoding = 4; lastKnownFileType = sourcecode.swift; path = CheckInPresenter.swift; sourceTree = "<group>"; };
		739D40E51E713F440046CD60 /* ICheckInView.swift */ = {isa = PBXFileReference; fileEncoding = 4; lastKnownFileType = sourcecode.swift; path = ICheckInView.swift; sourceTree = "<group>"; };
		73A9A4AE1E6A708B007EC581 /* ParkingInfoPresenter.swift */ = {isa = PBXFileReference; fileEncoding = 4; lastKnownFileType = sourcecode.swift; path = ParkingInfoPresenter.swift; sourceTree = "<group>"; };
		73A9A4B01E6A7236007EC581 /* ParkingRequest.swift */ = {isa = PBXFileReference; fileEncoding = 4; lastKnownFileType = sourcecode.swift; path = ParkingRequest.swift; sourceTree = "<group>"; };
		73ADC89D1E56E1E1001D6B4F /* UIDevice.swift */ = {isa = PBXFileReference; fileEncoding = 4; lastKnownFileType = sourcecode.swift; path = UIDevice.swift; sourceTree = "<group>"; };
		73ADC8A01E56E4DB001D6B4F /* UserManager.swift */ = {isa = PBXFileReference; fileEncoding = 4; lastKnownFileType = sourcecode.swift; path = UserManager.swift; sourceTree = "<group>"; };
		73ADC8A31E56E545001D6B4F /* SessionManager.swift */ = {isa = PBXFileReference; fileEncoding = 4; lastKnownFileType = sourcecode.swift; path = SessionManager.swift; sourceTree = "<group>"; };
		73ADC8A51E56E93F001D6B4F /* IRestFulResult.swift */ = {isa = PBXFileReference; fileEncoding = 4; lastKnownFileType = sourcecode.swift; path = IRestFulResult.swift; sourceTree = "<group>"; };
		73ADC8A71E56E980001D6B4F /* NIPError.swift */ = {isa = PBXFileReference; fileEncoding = 4; lastKnownFileType = sourcecode.swift; path = NIPError.swift; sourceTree = "<group>"; };
		73ADC8A91E56EBB4001D6B4F /* HttpRequestManager.swift */ = {isa = PBXFileReference; fileEncoding = 4; lastKnownFileType = sourcecode.swift; path = HttpRequestManager.swift; sourceTree = "<group>"; };
		73ADC8AB1E56EF87001D6B4F /* ResultBase.swift */ = {isa = PBXFileReference; fileEncoding = 4; lastKnownFileType = sourcecode.swift; path = ResultBase.swift; sourceTree = "<group>"; };
		73ADC8AD1E56FB5F001D6B4F /* NIPUMBaseRequest.swift */ = {isa = PBXFileReference; fileEncoding = 4; lastKnownFileType = sourcecode.swift; path = NIPUMBaseRequest.swift; sourceTree = "<group>"; };
		73ADC8AF1E56FC35001D6B4F /* FBLoginEntity.swift */ = {isa = PBXFileReference; fileEncoding = 4; lastKnownFileType = sourcecode.swift; path = FBLoginEntity.swift; sourceTree = "<group>"; };
		73ADC8B11E5706A6001D6B4F /* DeviceEntity.swift */ = {isa = PBXFileReference; fileEncoding = 4; lastKnownFileType = sourcecode.swift; path = DeviceEntity.swift; sourceTree = "<group>"; };
		73ADC8B31E5707BC001D6B4F /* NIPLoginResult.swift */ = {isa = PBXFileReference; fileEncoding = 4; lastKnownFileType = sourcecode.swift; path = NIPLoginResult.swift; sourceTree = "<group>"; };
		73ADC8B51E583175001D6B4F /* AKLoginEntity.swift */ = {isa = PBXFileReference; fileEncoding = 4; lastKnownFileType = sourcecode.swift; path = AKLoginEntity.swift; sourceTree = "<group>"; };
		73B338DB1E6020B400135688 /* FindParkingResult.swift */ = {isa = PBXFileReference; fileEncoding = 4; lastKnownFileType = sourcecode.swift; path = FindParkingResult.swift; sourceTree = "<group>"; };
		73B338DD1E6028FC00135688 /* FindParkingEntity.swift */ = {isa = PBXFileReference; fileEncoding = 4; lastKnownFileType = sourcecode.swift; path = FindParkingEntity.swift; sourceTree = "<group>"; };
		73C6EDC01E6556850008A91D /* UIBottomSheetTestViewController.swift */ = {isa = PBXFileReference; fileEncoding = 4; lastKnownFileType = sourcecode.swift; path = UIBottomSheetTestViewController.swift; sourceTree = "<group>"; };
		73C87FDB1E59F21900EAA842 /* ISideMenuView.swift */ = {isa = PBXFileReference; fileEncoding = 4; lastKnownFileType = sourcecode.swift; path = ISideMenuView.swift; sourceTree = "<group>"; };
		73C87FDD1E59F31900EAA842 /* SideMenuPrecenter.swift */ = {isa = PBXFileReference; fileEncoding = 4; lastKnownFileType = sourcecode.swift; path = SideMenuPrecenter.swift; sourceTree = "<group>"; };
		73C87FDF1E59F3D400EAA842 /* ParkingManager.swift */ = {isa = PBXFileReference; fileEncoding = 4; lastKnownFileType = sourcecode.swift; path = ParkingManager.swift; sourceTree = "<group>"; };
		73C87FE11E59F67500EAA842 /* UserProfileEntity.swift */ = {isa = PBXFileReference; fileEncoding = 4; lastKnownFileType = sourcecode.swift; path = UserProfileEntity.swift; sourceTree = "<group>"; };
		73C87FE31E59FB7A00EAA842 /* UIImageView.swift */ = {isa = PBXFileReference; fileEncoding = 4; lastKnownFileType = sourcecode.swift; path = UIImageView.swift; sourceTree = "<group>"; };
		73C87FE61E5A038F00EAA842 /* MenuTableViewCell.swift */ = {isa = PBXFileReference; fileEncoding = 4; lastKnownFileType = sourcecode.swift; path = MenuTableViewCell.swift; sourceTree = "<group>"; };
		73C87FE71E5A038F00EAA842 /* MenuTableViewCell.xib */ = {isa = PBXFileReference; fileEncoding = 4; lastKnownFileType = file.xib; path = MenuTableViewCell.xib; sourceTree = "<group>"; };
		73D05FF01E5B3DB300D8E371 /* LaunchScreenViewController.swift */ = {isa = PBXFileReference; fileEncoding = 4; lastKnownFileType = sourcecode.swift; path = LaunchScreenViewController.swift; sourceTree = "<group>"; };
		73D05FF21E5B3EDC00D8E371 /* ILaunchScreenView.swift */ = {isa = PBXFileReference; fileEncoding = 4; lastKnownFileType = sourcecode.swift; path = ILaunchScreenView.swift; sourceTree = "<group>"; };
		73D05FF41E5B3FD100D8E371 /* LaunchScreenPresenter.swift */ = {isa = PBXFileReference; fileEncoding = 4; lastKnownFileType = sourcecode.swift; path = LaunchScreenPresenter.swift; sourceTree = "<group>"; };
		73D38D061E55505E005B9E9F /* VParking.app */ = {isa = PBXFileReference; explicitFileType = wrapper.application; includeInIndex = 0; path = VParking.app; sourceTree = BUILT_PRODUCTS_DIR; };
		73D38D091E55505E005B9E9F /* AppDelegate.swift */ = {isa = PBXFileReference; lastKnownFileType = sourcecode.swift; path = AppDelegate.swift; sourceTree = "<group>"; };
		73D38D101E55505E005B9E9F /* Assets.xcassets */ = {isa = PBXFileReference; lastKnownFileType = folder.assetcatalog; path = Assets.xcassets; sourceTree = "<group>"; };
		73D38D131E55505E005B9E9F /* Base */ = {isa = PBXFileReference; lastKnownFileType = file.storyboard; name = Base; path = Base.lproj/LaunchScreen.storyboard; sourceTree = "<group>"; };
		73D38D151E55505E005B9E9F /* Info.plist */ = {isa = PBXFileReference; lastKnownFileType = text.plist.xml; path = Info.plist; sourceTree = "<group>"; };
		73D38D1A1E55505E005B9E9F /* VParkingTests.xctest */ = {isa = PBXFileReference; explicitFileType = wrapper.cfbundle; includeInIndex = 0; path = VParkingTests.xctest; sourceTree = BUILT_PRODUCTS_DIR; };
		73D38D1E1E55505E005B9E9F /* VParkingTests.swift */ = {isa = PBXFileReference; lastKnownFileType = sourcecode.swift; path = VParkingTests.swift; sourceTree = "<group>"; };
		73D38D201E55505E005B9E9F /* Info.plist */ = {isa = PBXFileReference; lastKnownFileType = text.plist.xml; path = Info.plist; sourceTree = "<group>"; };
		73D38D251E55505E005B9E9F /* VParkingUITests.xctest */ = {isa = PBXFileReference; explicitFileType = wrapper.cfbundle; includeInIndex = 0; path = VParkingUITests.xctest; sourceTree = BUILT_PRODUCTS_DIR; };
		73D38D291E55505E005B9E9F /* VParkingUITests.swift */ = {isa = PBXFileReference; lastKnownFileType = sourcecode.swift; path = VParkingUITests.swift; sourceTree = "<group>"; };
		73D38D2B1E55505E005B9E9F /* Info.plist */ = {isa = PBXFileReference; lastKnownFileType = text.plist.xml; path = Info.plist; sourceTree = "<group>"; };
		73D38D391E55514C005B9E9F /* VParking-Bridging-Header.h */ = {isa = PBXFileReference; lastKnownFileType = sourcecode.c.h; path = "VParking-Bridging-Header.h"; sourceTree = "<group>"; };
		73D38D3A1E55514D005B9E9F /* SWRevealViewController.h */ = {isa = PBXFileReference; fileEncoding = 4; lastKnownFileType = sourcecode.c.h; path = SWRevealViewController.h; sourceTree = "<group>"; };
		73D38D3B1E55514D005B9E9F /* SWRevealViewController.m */ = {isa = PBXFileReference; fileEncoding = 4; lastKnownFileType = sourcecode.c.objc; path = SWRevealViewController.m; sourceTree = "<group>"; };
		73D38D3D1E5554DB005B9E9F /* HomeViewController.swift */ = {isa = PBXFileReference; fileEncoding = 4; lastKnownFileType = sourcecode.swift; path = HomeViewController.swift; sourceTree = "<group>"; };
		73D38D431E55590A005B9E9F /* ILoginView.swift */ = {isa = PBXFileReference; fileEncoding = 4; lastKnownFileType = sourcecode.swift; path = ILoginView.swift; sourceTree = "<group>"; };
		73D38D451E555968005B9E9F /* IViewBase.swift */ = {isa = PBXFileReference; fileEncoding = 4; lastKnownFileType = sourcecode.swift; path = IViewBase.swift; sourceTree = "<group>"; };
		73D38D881E558730005B9E9F /* SideMenuViewController.swift */ = {isa = PBXFileReference; fileEncoding = 4; lastKnownFileType = sourcecode.swift; path = SideMenuViewController.swift; sourceTree = "<group>"; };
		73D38D8F1E55918E005B9E9F /* PresenterBase.swift */ = {isa = PBXFileReference; fileEncoding = 4; lastKnownFileType = sourcecode.swift; path = PresenterBase.swift; sourceTree = "<group>"; };
		73D38D911E5591B2005B9E9F /* LoginPresenter.swift */ = {isa = PBXFileReference; fileEncoding = 4; lastKnownFileType = sourcecode.swift; path = LoginPresenter.swift; sourceTree = "<group>"; };
		73D38D931E5591F3005B9E9F /* IHomeView.swift */ = {isa = PBXFileReference; fileEncoding = 4; lastKnownFileType = sourcecode.swift; path = IHomeView.swift; sourceTree = "<group>"; };
		73D38D951E55922E005B9E9F /* HomePresenter.swift */ = {isa = PBXFileReference; fileEncoding = 4; lastKnownFileType = sourcecode.swift; path = HomePresenter.swift; sourceTree = "<group>"; };
		73D38DA01E55E598005B9E9F /* LoginViewController.swift */ = {isa = PBXFileReference; fileEncoding = 4; lastKnownFileType = sourcecode.swift; path = LoginViewController.swift; sourceTree = "<group>"; };
		73D38DA31E55ED4F005B9E9F /* ColorUtils.swift */ = {isa = PBXFileReference; fileEncoding = 4; lastKnownFileType = sourcecode.swift; path = ColorUtils.swift; sourceTree = "<group>"; };
		73D38DA51E55F2D7005B9E9F /* Toast.swift */ = {isa = PBXFileReference; fileEncoding = 4; lastKnownFileType = sourcecode.swift; path = Toast.swift; sourceTree = "<group>"; };
		73D38DB01E560CB7005B9E9F /* DemoFacebokViewController.swift */ = {isa = PBXFileReference; fileEncoding = 4; lastKnownFileType = sourcecode.swift; path = DemoFacebokViewController.swift; sourceTree = "<group>"; };
		73DC70CA1E6813E600AEBBA5 /* GoogleMapApi.swift */ = {isa = PBXFileReference; fileEncoding = 4; lastKnownFileType = sourcecode.swift; path = GoogleMapApi.swift; sourceTree = "<group>"; };
		73DC70CC1E68660300AEBBA5 /* IParkingInfoBottomSheet.swift */ = {isa = PBXFileReference; fileEncoding = 4; lastKnownFileType = sourcecode.swift; path = IParkingInfoBottomSheet.swift; sourceTree = "<group>"; };
		73DC70CE1E6866A300AEBBA5 /* ParkingInfoBottomSheetExtensionView.swift */ = {isa = PBXFileReference; fileEncoding = 4; lastKnownFileType = sourcecode.swift; path = ParkingInfoBottomSheetExtensionView.swift; sourceTree = "<group>"; };
		73DC70D01E6874DF00AEBBA5 /* ViewControllerExtension.swift */ = {isa = PBXFileReference; fileEncoding = 4; lastKnownFileType = sourcecode.swift; path = ViewControllerExtension.swift; sourceTree = "<group>"; };
		78BF056401FA1114925C80F4 /* Pods_VParking.framework */ = {isa = PBXFileReference; explicitFileType = wrapper.framework; includeInIndex = 0; path = Pods_VParking.framework; sourceTree = BUILT_PRODUCTS_DIR; };
		AA13125F1E7A450B0088ACD7 /* IAddVerhicleView.swift */ = {isa = PBXFileReference; fileEncoding = 4; lastKnownFileType = sourcecode.swift; path = IAddVerhicleView.swift; sourceTree = "<group>"; };
		AA1312611E7A45710088ACD7 /* AddVerhiclePresenter.swift */ = {isa = PBXFileReference; fileEncoding = 4; lastKnownFileType = sourcecode.swift; path = AddVerhiclePresenter.swift; sourceTree = "<group>"; };
		AA21FF711E78E7EB002D5A82 /* VerhicleTableViewCell.xib */ = {isa = PBXFileReference; fileEncoding = 4; lastKnownFileType = file.xib; path = VerhicleTableViewCell.xib; sourceTree = "<group>"; };
		AA21FF731E78E985002D5A82 /* VerhicleTableViewCell.swift */ = {isa = PBXFileReference; fileEncoding = 4; lastKnownFileType = sourcecode.swift; path = VerhicleTableViewCell.swift; sourceTree = "<group>"; };
		AA21FF751E78EC62002D5A82 /* BrandNameEntity.swift */ = {isa = PBXFileReference; fileEncoding = 4; lastKnownFileType = sourcecode.swift; path = BrandNameEntity.swift; sourceTree = "<group>"; };
		AA21FF771E79266A002D5A82 /* IVerhicleView.swift */ = {isa = PBXFileReference; fileEncoding = 4; lastKnownFileType = sourcecode.swift; path = IVerhicleView.swift; sourceTree = "<group>"; };
		AA21FF791E792778002D5A82 /* VerhiclePresenter.swift */ = {isa = PBXFileReference; fileEncoding = 4; lastKnownFileType = sourcecode.swift; path = VerhiclePresenter.swift; sourceTree = "<group>"; };
		AA21FF7B1E793AF8002D5A82 /* AddVerhicleViewController.swift */ = {isa = PBXFileReference; fileEncoding = 4; lastKnownFileType = sourcecode.swift; path = AddVerhicleViewController.swift; sourceTree = "<group>"; };
		AA2B8F8D1E84200000536CDF /* AvatarEntity.swift */ = {isa = PBXFileReference; fileEncoding = 4; lastKnownFileType = sourcecode.swift; path = AvatarEntity.swift; sourceTree = "<group>"; };
		AA52E2EA1E9DC99F00678E50 /* InfoViewController.swift */ = {isa = PBXFileReference; fileEncoding = 4; lastKnownFileType = sourcecode.swift; path = InfoViewController.swift; sourceTree = "<group>"; };
		AA5A1B821E82307F001B6296 /* ProfileRequest.swift */ = {isa = PBXFileReference; fileEncoding = 4; lastKnownFileType = sourcecode.swift; path = ProfileRequest.swift; sourceTree = "<group>"; };
		AA5A1B841E823145001B6296 /* ProfilePresenter.swift */ = {isa = PBXFileReference; fileEncoding = 4; lastKnownFileType = sourcecode.swift; path = ProfilePresenter.swift; sourceTree = "<group>"; };
		AA7BFD6F1E7B8098009C97D0 /* VerhicleRequest.swift */ = {isa = PBXFileReference; fileEncoding = 4; lastKnownFileType = sourcecode.swift; path = VerhicleRequest.swift; sourceTree = "<group>"; };
		AA98816A1E99622500199518 /* PhoneRequest.swift */ = {isa = PBXFileReference; fileEncoding = 4; lastKnownFileType = sourcecode.swift; path = PhoneRequest.swift; sourceTree = "<group>"; };
		AAB334101E779BBE00571FFA /* FavoriteTableViewCell.xib */ = {isa = PBXFileReference; fileEncoding = 4; lastKnownFileType = file.xib; path = FavoriteTableViewCell.xib; sourceTree = "<group>"; };
		AAB334121E779D8700571FFA /* FavoriteTableViewCell.swift */ = {isa = PBXFileReference; fileEncoding = 4; lastKnownFileType = sourcecode.swift; path = FavoriteTableViewCell.swift; sourceTree = "<group>"; };
		AAB334141E779EFA00571FFA /* FavoriteEntity.swift */ = {isa = PBXFileReference; fileEncoding = 4; lastKnownFileType = sourcecode.swift; path = FavoriteEntity.swift; sourceTree = "<group>"; };
		AAB334161E77A0C300571FFA /* IFavoriteView.swift */ = {isa = PBXFileReference; fileEncoding = 4; lastKnownFileType = sourcecode.swift; path = IFavoriteView.swift; sourceTree = "<group>"; };
		AAB334181E77A15600571FFA /* FavoritePresenter.swift */ = {isa = PBXFileReference; fileEncoding = 4; lastKnownFileType = sourcecode.swift; path = FavoritePresenter.swift; sourceTree = "<group>"; };
		DBAD8365917799AEE4C6A400 /* Pods-VParking.release.xcconfig */ = {isa = PBXFileReference; includeInIndex = 1; lastKnownFileType = text.xcconfig; name = "Pods-VParking.release.xcconfig"; path = "Pods/Target Support Files/Pods-VParking/Pods-VParking.release.xcconfig"; sourceTree = "<group>"; };
/* End PBXFileReference section */

/* Begin PBXFrameworksBuildPhase section */
		73D38D031E55505E005B9E9F /* Frameworks */ = {
			isa = PBXFrameworksBuildPhase;
			buildActionMask = 2147483647;
			files = (
				7337B3531EA52C1E00102FF0 /* Bolts.framework in Frameworks */,
				7337B3541EA52C1E00102FF0 /* FBSDKCoreKit.framework in Frameworks */,
				7337B3551EA52C1E00102FF0 /* FBSDKLoginKit.framework in Frameworks */,
				7337B34B1EA52BBE00102FF0 /* Pods_VParking.framework in Frameworks */,
				7337B3511EA52C1E00102FF0 /* AccountKit.framework in Frameworks */,
				75F797CB9576A805DF7F1C11 /* Pods_VParking.framework in Frameworks */,
			);
			runOnlyForDeploymentPostprocessing = 0;
		};
		73D38D171E55505E005B9E9F /* Frameworks */ = {
			isa = PBXFrameworksBuildPhase;
			buildActionMask = 2147483647;
			files = (
			);
			runOnlyForDeploymentPostprocessing = 0;
		};
		73D38D221E55505E005B9E9F /* Frameworks */ = {
			isa = PBXFrameworksBuildPhase;
			buildActionMask = 2147483647;
			files = (
			);
			runOnlyForDeploymentPostprocessing = 0;
		};
/* End PBXFrameworksBuildPhase section */

/* Begin PBXGroup section */
		00C6CC0AC307B1C257891219 /* Pods */ = {
			isa = PBXGroup;
			children = (
				3C4EF982E65819EA497ECE97 /* Pods-VParking.debug.xcconfig */,
				DBAD8365917799AEE4C6A400 /* Pods-VParking.release.xcconfig */,
			);
			name = Pods;
			sourceTree = "<group>";
		};
		730A71721E71B7AF00BA099A /* delegate */ = {
			isa = PBXGroup;
			children = (
				730A71731E71B84900BA099A /* TicketViewDelegate.swift */,
			);
			name = delegate;
			sourceTree = "<group>";
		};
		731866551E63C48C00427153 /* bottomsheet */ = {
			isa = PBXGroup;
			children = (
				7318665B1E63E15100427153 /* ParkingInfoBottomsheetViewController.swift */,
				73DC70CE1E6866A300AEBBA5 /* ParkingInfoBottomSheetExtensionView.swift */,
			);
			name = bottomsheet;
			sourceTree = "<group>";
		};
		73ADC89F1E56E472001D6B4F /* Entity */ = {
			isa = PBXGroup;
			children = (
				73ADC8A71E56E980001D6B4F /* NIPError.swift */,
				73ADC8AB1E56EF87001D6B4F /* ResultBase.swift */,
				73ADC8AD1E56FB5F001D6B4F /* NIPUMBaseRequest.swift */,
				73ADC8AF1E56FC35001D6B4F /* FBLoginEntity.swift */,
				73ADC8B11E5706A6001D6B4F /* DeviceEntity.swift */,
				73ADC8B31E5707BC001D6B4F /* NIPLoginResult.swift */,
				73ADC8B51E583175001D6B4F /* AKLoginEntity.swift */,
				73C87FE11E59F67500EAA842 /* UserProfileEntity.swift */,
				73677A9C1E60180C001D37F8 /* FindCodition.swift */,
				73B338DB1E6020B400135688 /* FindParkingResult.swift */,
				73B338DD1E6028FC00135688 /* FindParkingEntity.swift */,
				731866631E64824B00427153 /* ParkingInfoEntity.swift */,
				731866651E6482FD00427153 /* PriceEntity.swift */,
				731866691E64840C00427153 /* ParkingPictureEntity.swift */,
				73A9A4B01E6A7236007EC581 /* ParkingRequest.swift */,
				733A26C01E6D14A10091AF73 /* AuthenticateEntity.swift */,
				739D40D11E70E7800046CD60 /* VerhicleEntity.swift */,
				739D40D51E70E9880046CD60 /* VerhicleSortResult.swift */,
				739D40D71E70F8CC0046CD60 /* CheckInEntity.swift */,
				739D40DF1E713AC90046CD60 /* CheckInInfo.swift */,
				739D40E11E713DBA0046CD60 /* CheckInList.swift */,
				730A71701E71B04000BA099A /* CheckOutReq.swift */,
				AAB334141E779EFA00571FFA /* FavoriteEntity.swift */,
				AA21FF751E78EC62002D5A82 /* BrandNameEntity.swift */,
				AA7BFD6F1E7B8098009C97D0 /* VerhicleRequest.swift */,
				AA5A1B821E82307F001B6296 /* ProfileRequest.swift */,
				AA2B8F8D1E84200000536CDF /* AvatarEntity.swift */,
				AA98816A1E99622500199518 /* PhoneRequest.swift */,
			);
			name = Entity;
			sourceTree = "<group>";
		};
		73C6EDBF1E65566A0008A91D /* Test */ = {
			isa = PBXGroup;
			children = (
				7318665D1E64162500427153 /* TestViewController.swift */,
				73C6EDC01E6556850008A91D /* UIBottomSheetTestViewController.swift */,
			);
			name = Test;
			sourceTree = "<group>";
		};
		73C87FE51E5A036400EAA842 /* custom */ = {
			isa = PBXGroup;
			children = (
				73C87FE61E5A038F00EAA842 /* MenuTableViewCell.swift */,
				73C87FE71E5A038F00EAA842 /* MenuTableViewCell.xib */,
				73DC70D01E6874DF00AEBBA5 /* ViewControllerExtension.swift */,
				739D40D91E7131880046CD60 /* CheckInTableViewCell.swift */,
				739D40DA1E7131880046CD60 /* CheckInTableViewCell.xib */,
				AAB334101E779BBE00571FFA /* FavoriteTableViewCell.xib */,
				AAB334121E779D8700571FFA /* FavoriteTableViewCell.swift */,
				AA21FF711E78E7EB002D5A82 /* VerhicleTableViewCell.xib */,
				AA21FF731E78E985002D5A82 /* VerhicleTableViewCell.swift */,
			);
			name = custom;
			sourceTree = "<group>";
		};
		73D38CFD1E55505E005B9E9F = {
			isa = PBXGroup;
			children = (
				73D38D081E55505E005B9E9F /* VParking */,
				73D38D1D1E55505E005B9E9F /* VParkingTests */,
				73D38D281E55505E005B9E9F /* VParkingUITests */,
				73D38D071E55505E005B9E9F /* Products */,
				00C6CC0AC307B1C257891219 /* Pods */,
				DF51B373BF59C7BED4C04E73 /* Frameworks */,
			);
			sourceTree = "<group>";
		};
		73D38D071E55505E005B9E9F /* Products */ = {
			isa = PBXGroup;
			children = (
				73D38D061E55505E005B9E9F /* VParking.app */,
				73D38D1A1E55505E005B9E9F /* VParkingTests.xctest */,
				73D38D251E55505E005B9E9F /* VParkingUITests.xctest */,
			);
			name = Products;
			sourceTree = "<group>";
		};
		73D38D081E55505E005B9E9F /* VParking */ = {
			isa = PBXGroup;
			children = (
				73ADC89F1E56E472001D6B4F /* Entity */,
				73D38DA71E560757005B9E9F /* Framework */,
				73D38DA21E55ED3C005B9E9F /* Utilities */,
				73D38D871E5586BB005B9E9F /* View */,
				73D38D381E55510B005B9E9F /* Model */,
				73D38D371E5550DB005B9E9F /* Presenter */,
				73D38D091E55505E005B9E9F /* AppDelegate.swift */,
				73D38D101E55505E005B9E9F /* Assets.xcassets */,
				7321F8431E6D54DC00519B15 /* Main.storyboard */,
				73D38D121E55505E005B9E9F /* LaunchScreen.storyboard */,
				73D38D151E55505E005B9E9F /* Info.plist */,
			);
			path = VParking;
			sourceTree = "<group>";
		};
		73D38D1D1E55505E005B9E9F /* VParkingTests */ = {
			isa = PBXGroup;
			children = (
				73D38D1E1E55505E005B9E9F /* VParkingTests.swift */,
				73D38D201E55505E005B9E9F /* Info.plist */,
			);
			path = VParkingTests;
			sourceTree = "<group>";
		};
		73D38D281E55505E005B9E9F /* VParkingUITests */ = {
			isa = PBXGroup;
			children = (
				73D38D291E55505E005B9E9F /* VParkingUITests.swift */,
				73D38D2B1E55505E005B9E9F /* Info.plist */,
			);
			path = VParkingUITests;
			sourceTree = "<group>";
		};
		73D38D371E5550DB005B9E9F /* Presenter */ = {
			isa = PBXGroup;
			children = (
				73D38D8F1E55918E005B9E9F /* PresenterBase.swift */,
				73D38D911E5591B2005B9E9F /* LoginPresenter.swift */,
				73D38D951E55922E005B9E9F /* HomePresenter.swift */,
				73C87FDD1E59F31900EAA842 /* SideMenuPrecenter.swift */,
				73D05FF41E5B3FD100D8E371 /* LaunchScreenPresenter.swift */,
				73A9A4AE1E6A708B007EC581 /* ParkingInfoPresenter.swift */,
				739D40D31E70E8340046CD60 /* QRCodeScannerPresenter.swift */,
				739D40E31E713F230046CD60 /* CheckInPresenter.swift */,
				730A716E1E71AC3900BA099A /* TicketPresenter.swift */,
				AAB334181E77A15600571FFA /* FavoritePresenter.swift */,
				AA21FF791E792778002D5A82 /* VerhiclePresenter.swift */,
				AA1312611E7A45710088ACD7 /* AddVerhiclePresenter.swift */,
				AA5A1B841E823145001B6296 /* ProfilePresenter.swift */,
			);
			name = Presenter;
			sourceTree = "<group>";
		};
		73D38D381E55510B005B9E9F /* Model */ = {
			isa = PBXGroup;
			children = (
				73ADC8A01E56E4DB001D6B4F /* UserManager.swift */,
				73ADC8A31E56E545001D6B4F /* SessionManager.swift */,
				73ADC8A51E56E93F001D6B4F /* IRestFulResult.swift */,
				73ADC8A91E56EBB4001D6B4F /* HttpRequestManager.swift */,
				73C87FDF1E59F3D400EAA842 /* ParkingManager.swift */,
				73DC70CA1E6813E600AEBBA5 /* GoogleMapApi.swift */,
			);
			name = Model;
			sourceTree = "<group>";
		};
		73D38D871E5586BB005B9E9F /* View */ = {
			isa = PBXGroup;
			children = (
				730A71721E71B7AF00BA099A /* delegate */,
				73C6EDBF1E65566A0008A91D /* Test */,
				731866551E63C48C00427153 /* bottomsheet */,
				73C87FE51E5A036400EAA842 /* custom */,
				73D38D8E1E5590BE005B9E9F /* Protocol */,
				73D38D3D1E5554DB005B9E9F /* HomeViewController.swift */,
				73D38DA01E55E598005B9E9F /* LoginViewController.swift */,
				73D38D3A1E55514D005B9E9F /* SWRevealViewController.h */,
				73D38D3B1E55514D005B9E9F /* SWRevealViewController.m */,
				73D38D391E55514C005B9E9F /* VParking-Bridging-Header.h */,
				73D38D881E558730005B9E9F /* SideMenuViewController.swift */,
				73D38DB01E560CB7005B9E9F /* DemoFacebokViewController.swift */,
				7321F8451E6D605700519B15 /* FavoriteViewController.swift */,
				73D05FF01E5B3DB300D8E371 /* LaunchScreenViewController.swift */,
				7321F83F1E6D52FA00519B15 /* MasterViewController.swift */,
				7321F8491E6D607300519B15 /* CheckInViewController.swift */,
				7321F84B1E6DB03F00519B15 /* QRCodeScannerViewController.swift */,
				730A716A1E719EBC00BA099A /* TicketViewController.swift */,
				7338A8431E763949004C9030 /* ProfileViewController.swift */,
				7321F8471E6D606600519B15 /* VerhicleViewController.swift */,
				AA21FF7B1E793AF8002D5A82 /* AddVerhicleViewController.swift */,
				AA52E2EA1E9DC99F00678E50 /* InfoViewController.swift */,
			);
			name = View;
			sourceTree = "<group>";
		};
		73D38D8E1E5590BE005B9E9F /* Protocol */ = {
			isa = PBXGroup;
			children = (
				73D38D431E55590A005B9E9F /* ILoginView.swift */,
				73D38D451E555968005B9E9F /* IViewBase.swift */,
				73D38D931E5591F3005B9E9F /* IHomeView.swift */,
				73C87FDB1E59F21900EAA842 /* ISideMenuView.swift */,
				73D05FF21E5B3EDC00D8E371 /* ILaunchScreenView.swift */,
				73DC70CC1E68660300AEBBA5 /* IParkingInfoBottomSheet.swift */,
				7321F8411E6D533600519B15 /* IMasterView.swift */,
				7321F84D1E6DB08000519B15 /* IQRCodeScannerView.swift */,
				739D40E51E713F440046CD60 /* ICheckInView.swift */,
				730A716C1E719FB800BA099A /* ITicketView.swift */,
				7338A8451E7650E5004C9030 /* IProfileView.swift */,
				AAB334161E77A0C300571FFA /* IFavoriteView.swift */,
				AA21FF771E79266A002D5A82 /* IVerhicleView.swift */,
				AA13125F1E7A450B0088ACD7 /* IAddVerhicleView.swift */,
			);
			name = Protocol;
			sourceTree = "<group>";
		};
		73D38DA21E55ED3C005B9E9F /* Utilities */ = {
			isa = PBXGroup;
			children = (
				73D38DA51E55F2D7005B9E9F /* Toast.swift */,
				73D38DA31E55ED4F005B9E9F /* ColorUtils.swift */,
				73ADC89D1E56E1E1001D6B4F /* UIDevice.swift */,
				73C87FE31E59FB7A00EAA842 /* UIImageView.swift */,
			);
			name = Utilities;
			sourceTree = "<group>";
		};
		73D38DA71E560757005B9E9F /* Framework */ = {
			isa = PBXGroup;
			children = (
				73E3E3471E568E070098204B /* Facebook */,
			);
			name = Framework;
			sourceTree = "<group>";
		};
		73E3E3471E568E070098204B /* Facebook */ = {
			isa = PBXGroup;
			children = (
				737A5BAF1E6FF50F00E9E76C /* AccountKit.framework */,
				737A5BB01E6FF50F00E9E76C /* AccountKitStrings.bundle */,
				737A5BB11E6FF50F00E9E76C /* Bolts.framework */,
				737A5BB21E6FF50F00E9E76C /* FBSDKCoreKit.framework */,
				737A5BB31E6FF50F00E9E76C /* FBSDKLoginKit.framework */,
			);
			name = Facebook;
			sourceTree = "<group>";
		};
		DF51B373BF59C7BED4C04E73 /* Frameworks */ = {
			isa = PBXGroup;
			children = (
				7337B34C1EA52C1E00102FF0 /* AccountKit.framework */,
				7337B34D1EA52C1E00102FF0 /* AccountKitStrings.bundle */,
				7337B34E1EA52C1E00102FF0 /* Bolts.framework */,
				7337B34F1EA52C1E00102FF0 /* FBSDKCoreKit.framework */,
				7337B3501EA52C1E00102FF0 /* FBSDKLoginKit.framework */,
				7337B34A1EA52BBE00102FF0 /* Pods_VParking.framework */,
				78BF056401FA1114925C80F4 /* Pods_VParking.framework */,
			);
			name = Frameworks;
			sourceTree = "<group>";
		};
/* End PBXGroup section */

/* Begin PBXNativeTarget section */
		73D38D051E55505E005B9E9F /* VParking */ = {
			isa = PBXNativeTarget;
			buildConfigurationList = 73D38D2E1E55505E005B9E9F /* Build configuration list for PBXNativeTarget "VParking" */;
			buildPhases = (
				73D29AB1D35CD2A84242FA36 /* [CP] Check Pods Manifest.lock */,
				73D38D021E55505E005B9E9F /* Sources */,
				73D38D031E55505E005B9E9F /* Frameworks */,
				73D38D041E55505E005B9E9F /* Resources */,
				F93F9430D151C908811517F0 /* [CP] Embed Pods Frameworks */,
				547660334527267490789DCD /* [CP] Copy Pods Resources */,
				7338A8471E76E56A004C9030 /* ShellScript */,
			);
			buildRules = (
			);
			dependencies = (
			);
			name = VParking;
			productName = VParking;
			productReference = 73D38D061E55505E005B9E9F /* VParking.app */;
			productType = "com.apple.product-type.application";
		};
		73D38D191E55505E005B9E9F /* VParkingTests */ = {
			isa = PBXNativeTarget;
			buildConfigurationList = 73D38D311E55505E005B9E9F /* Build configuration list for PBXNativeTarget "VParkingTests" */;
			buildPhases = (
				73D38D161E55505E005B9E9F /* Sources */,
				73D38D171E55505E005B9E9F /* Frameworks */,
				73D38D181E55505E005B9E9F /* Resources */,
			);
			buildRules = (
			);
			dependencies = (
				73D38D1C1E55505E005B9E9F /* PBXTargetDependency */,
			);
			name = VParkingTests;
			productName = VParkingTests;
			productReference = 73D38D1A1E55505E005B9E9F /* VParkingTests.xctest */;
			productType = "com.apple.product-type.bundle.unit-test";
		};
		73D38D241E55505E005B9E9F /* VParkingUITests */ = {
			isa = PBXNativeTarget;
			buildConfigurationList = 73D38D341E55505E005B9E9F /* Build configuration list for PBXNativeTarget "VParkingUITests" */;
			buildPhases = (
				73D38D211E55505E005B9E9F /* Sources */,
				73D38D221E55505E005B9E9F /* Frameworks */,
				73D38D231E55505E005B9E9F /* Resources */,
			);
			buildRules = (
			);
			dependencies = (
				73D38D271E55505E005B9E9F /* PBXTargetDependency */,
			);
			name = VParkingUITests;
			productName = VParkingUITests;
			productReference = 73D38D251E55505E005B9E9F /* VParkingUITests.xctest */;
			productType = "com.apple.product-type.bundle.ui-testing";
		};
/* End PBXNativeTarget section */

/* Begin PBXProject section */
		73D38CFE1E55505E005B9E9F /* Project object */ = {
			isa = PBXProject;
			attributes = {
				LastSwiftUpdateCheck = 0820;
				LastUpgradeCheck = 0820;
				ORGANIZATIONNAME = xtel;
				TargetAttributes = {
					73D38D051E55505E005B9E9F = {
						CreatedOnToolsVersion = 8.2.1;
						DevelopmentTeam = 88XZ7KT632;
						LastSwiftMigration = 0820;
						ProvisioningStyle = Automatic;
						SystemCapabilities = {
							com.apple.BackgroundModes = {
								enabled = 0;
							};
						};
					};
					73D38D191E55505E005B9E9F = {
						CreatedOnToolsVersion = 8.2.1;
						ProvisioningStyle = Automatic;
						TestTargetID = 73D38D051E55505E005B9E9F;
					};
					73D38D241E55505E005B9E9F = {
						CreatedOnToolsVersion = 8.2.1;
						ProvisioningStyle = Automatic;
						TestTargetID = 73D38D051E55505E005B9E9F;
					};
				};
			};
			buildConfigurationList = 73D38D011E55505E005B9E9F /* Build configuration list for PBXProject "VParking" */;
			compatibilityVersion = "Xcode 3.2";
			developmentRegion = English;
			hasScannedForEncodings = 0;
			knownRegions = (
				en,
				Base,
			);
			mainGroup = 73D38CFD1E55505E005B9E9F;
			productRefGroup = 73D38D071E55505E005B9E9F /* Products */;
			projectDirPath = "";
			projectRoot = "";
			targets = (
				73D38D051E55505E005B9E9F /* VParking */,
				73D38D191E55505E005B9E9F /* VParkingTests */,
				73D38D241E55505E005B9E9F /* VParkingUITests */,
			);
		};
/* End PBXProject section */

/* Begin PBXResourcesBuildPhase section */
		73D38D041E55505E005B9E9F /* Resources */ = {
			isa = PBXResourcesBuildPhase;
			buildActionMask = 2147483647;
			files = (
				73D38D141E55505E005B9E9F /* LaunchScreen.storyboard in Resources */,
				73D38D111E55505E005B9E9F /* Assets.xcassets in Resources */,
				7321F8441E6D54DC00519B15 /* Main.storyboard in Resources */,
				739D40DC1E7131880046CD60 /* CheckInTableViewCell.xib in Resources */,
				73C87FE91E5A038F00EAA842 /* MenuTableViewCell.xib in Resources */,
				AAB334111E779BBE00571FFA /* FavoriteTableViewCell.xib in Resources */,
				AA21FF721E78E7EB002D5A82 /* VerhicleTableViewCell.xib in Resources */,
				7337B3521EA52C1E00102FF0 /* AccountKitStrings.bundle in Resources */,
			);
			runOnlyForDeploymentPostprocessing = 0;
		};
		73D38D181E55505E005B9E9F /* Resources */ = {
			isa = PBXResourcesBuildPhase;
			buildActionMask = 2147483647;
			files = (
			);
			runOnlyForDeploymentPostprocessing = 0;
		};
		73D38D231E55505E005B9E9F /* Resources */ = {
			isa = PBXResourcesBuildPhase;
			buildActionMask = 2147483647;
			files = (
			);
			runOnlyForDeploymentPostprocessing = 0;
		};
/* End PBXResourcesBuildPhase section */

/* Begin PBXShellScriptBuildPhase section */
		547660334527267490789DCD /* [CP] Copy Pods Resources */ = {
			isa = PBXShellScriptBuildPhase;
			buildActionMask = 2147483647;
			files = (
			);
			inputPaths = (
			);
			name = "[CP] Copy Pods Resources";
			outputPaths = (
			);
			runOnlyForDeploymentPostprocessing = 0;
			shellPath = /bin/sh;
			shellScript = "\"${SRCROOT}/Pods/Target Support Files/Pods-VParking/Pods-VParking-resources.sh\"\n";
			showEnvVarsInLog = 0;
		};
		7338A8471E76E56A004C9030 /* ShellScript */ = {
			isa = PBXShellScriptBuildPhase;
			buildActionMask = 2147483647;
			files = (
			);
			inputPaths = (
			);
			outputPaths = (
			);
			runOnlyForDeploymentPostprocessing = 0;
			shellPath = /bin/sh;
			shellScript = "\"${PODS_ROOT}/Fabric/run\" 5765ba05cf4f36a9301d3a8eb9fe7c9e53ecb745 b9f10ee03af30b1850ba5bb4e655c0a762bef3cc5718900aa1b7b5230e46d8e7";
		};
		73D29AB1D35CD2A84242FA36 /* [CP] Check Pods Manifest.lock */ = {
			isa = PBXShellScriptBuildPhase;
			buildActionMask = 2147483647;
			files = (
			);
			inputPaths = (
			);
			name = "[CP] Check Pods Manifest.lock";
			outputPaths = (
			);
			runOnlyForDeploymentPostprocessing = 0;
			shellPath = /bin/sh;
			shellScript = "diff \"${PODS_ROOT}/../Podfile.lock\" \"${PODS_ROOT}/Manifest.lock\" > /dev/null\nif [ $? != 0 ] ; then\n    # print error to STDERR\n    echo \"error: The sandbox is not in sync with the Podfile.lock. Run 'pod install' or update your CocoaPods installation.\" >&2\n    exit 1\nfi\n";
			showEnvVarsInLog = 0;
		};
		F93F9430D151C908811517F0 /* [CP] Embed Pods Frameworks */ = {
			isa = PBXShellScriptBuildPhase;
			buildActionMask = 2147483647;
			files = (
			);
			inputPaths = (
			);
			name = "[CP] Embed Pods Frameworks";
			outputPaths = (
			);
			runOnlyForDeploymentPostprocessing = 0;
			shellPath = /bin/sh;
			shellScript = "\"${SRCROOT}/Pods/Target Support Files/Pods-VParking/Pods-VParking-frameworks.sh\"\n";
			showEnvVarsInLog = 0;
		};
/* End PBXShellScriptBuildPhase section */

/* Begin PBXSourcesBuildPhase section */
		73D38D021E55505E005B9E9F /* Sources */ = {
			isa = PBXSourcesBuildPhase;
			buildActionMask = 2147483647;
			files = (
				73C87FE01E59F3D400EAA842 /* ParkingManager.swift in Sources */,
				73DC70CF1E6866A300AEBBA5 /* ParkingInfoBottomSheetExtensionView.swift in Sources */,
				73D38DA61E55F2D7005B9E9F /* Toast.swift in Sources */,
				73A9A4AF1E6A708B007EC581 /* ParkingInfoPresenter.swift in Sources */,
				AA21FF781E79266A002D5A82 /* IVerhicleView.swift in Sources */,
				731866661E6482FD00427153 /* PriceEntity.swift in Sources */,
				7321F8421E6D533600519B15 /* IMasterView.swift in Sources */,
				73D38D901E55918E005B9E9F /* PresenterBase.swift in Sources */,
				73C87FDC1E59F21900EAA842 /* ISideMenuView.swift in Sources */,
				733A26C11E6D14A10091AF73 /* AuthenticateEntity.swift in Sources */,
				AA21FF741E78E985002D5A82 /* VerhicleTableViewCell.swift in Sources */,
				73D38D461E555968005B9E9F /* IViewBase.swift in Sources */,
				7318666A1E64840C00427153 /* ParkingPictureEntity.swift in Sources */,
				73D38D921E5591B2005B9E9F /* LoginPresenter.swift in Sources */,
				73D38DA41E55ED4F005B9E9F /* ColorUtils.swift in Sources */,
				739D40E01E713AC90046CD60 /* CheckInInfo.swift in Sources */,
				7321F8401E6D52FA00519B15 /* MasterViewController.swift in Sources */,
				739D40D21E70E7800046CD60 /* VerhicleEntity.swift in Sources */,
				AA21FF7A1E792778002D5A82 /* VerhiclePresenter.swift in Sources */,
				73D38D0A1E55505E005B9E9F /* AppDelegate.swift in Sources */,
				73677A9D1E60180C001D37F8 /* FindCodition.swift in Sources */,
				73DC70CB1E6813E600AEBBA5 /* GoogleMapApi.swift in Sources */,
				AAB334131E779D8700571FFA /* FavoriteTableViewCell.swift in Sources */,
				73ADC8A11E56E4DB001D6B4F /* UserManager.swift in Sources */,
				7318665E1E64162500427153 /* TestViewController.swift in Sources */,
				73ADC8AA1E56EBB4001D6B4F /* HttpRequestManager.swift in Sources */,
				73C87FE81E5A038F00EAA842 /* MenuTableViewCell.swift in Sources */,
				AAB334191E77A15600571FFA /* FavoritePresenter.swift in Sources */,
				AA98816B1E99622500199518 /* PhoneRequest.swift in Sources */,
				AA1312601E7A450B0088ACD7 /* IAddVerhicleView.swift in Sources */,
				739D40E21E713DBA0046CD60 /* CheckInList.swift in Sources */,
				730A716B1E719EBC00BA099A /* TicketViewController.swift in Sources */,
				73D38D941E5591F3005B9E9F /* IHomeView.swift in Sources */,
				730A716F1E71AC3900BA099A /* TicketPresenter.swift in Sources */,
				7321F8461E6D605700519B15 /* FavoriteViewController.swift in Sources */,
				739D40E41E713F230046CD60 /* CheckInPresenter.swift in Sources */,
				730A716D1E719FB800BA099A /* ITicketView.swift in Sources */,
				7321F84E1E6DB08000519B15 /* IQRCodeScannerView.swift in Sources */,
				73ADC8A61E56E93F001D6B4F /* IRestFulResult.swift in Sources */,
				73ADC8B61E583175001D6B4F /* AKLoginEntity.swift in Sources */,
				73DC70D11E6874DF00AEBBA5 /* ViewControllerExtension.swift in Sources */,
				AA1312621E7A45710088ACD7 /* AddVerhiclePresenter.swift in Sources */,
				7321F84C1E6DB03F00519B15 /* QRCodeScannerViewController.swift in Sources */,
				AA21FF7C1E793AF8002D5A82 /* AddVerhicleViewController.swift in Sources */,
				7318665C1E63E15100427153 /* ParkingInfoBottomsheetViewController.swift in Sources */,
				73C6EDC11E6556850008A91D /* UIBottomSheetTestViewController.swift in Sources */,
				73ADC8B01E56FC35001D6B4F /* FBLoginEntity.swift in Sources */,
				73C87FE41E59FB7A00EAA842 /* UIImageView.swift in Sources */,
				AA5A1B831E82307F001B6296 /* ProfileRequest.swift in Sources */,
				731866641E64824B00427153 /* ParkingInfoEntity.swift in Sources */,
				7321F8481E6D606600519B15 /* VerhicleViewController.swift in Sources */,
				739D40D41E70E8340046CD60 /* QRCodeScannerPresenter.swift in Sources */,
				73B338DC1E6020B400135688 /* FindParkingResult.swift in Sources */,
				AAB334151E779EFA00571FFA /* FavoriteEntity.swift in Sources */,
				73A9A4B11E6A7236007EC581 /* ParkingRequest.swift in Sources */,
				7321F84A1E6D607300519B15 /* CheckInViewController.swift in Sources */,
				730A71741E71B84900BA099A /* TicketViewDelegate.swift in Sources */,
				73ADC8AE1E56FB5F001D6B4F /* NIPUMBaseRequest.swift in Sources */,
				73D38D3C1E55514D005B9E9F /* SWRevealViewController.m in Sources */,
				7338A8461E7650E5004C9030 /* IProfileView.swift in Sources */,
				AA21FF761E78EC62002D5A82 /* BrandNameEntity.swift in Sources */,
				AA2B8F8E1E84200000536CDF /* AvatarEntity.swift in Sources */,
				73D38D3F1E5554DB005B9E9F /* HomeViewController.swift in Sources */,
				73D05FF51E5B3FD100D8E371 /* LaunchScreenPresenter.swift in Sources */,
				73C87FE21E59F67500EAA842 /* UserProfileEntity.swift in Sources */,
				73C87FDE1E59F31900EAA842 /* SideMenuPrecenter.swift in Sources */,
				73D38DB11E560CB7005B9E9F /* DemoFacebokViewController.swift in Sources */,
				73ADC89E1E56E1E1001D6B4F /* UIDevice.swift in Sources */,
				AA5A1B851E823145001B6296 /* ProfilePresenter.swift in Sources */,
				739D40E61E713F440046CD60 /* ICheckInView.swift in Sources */,
				73D38D891E558730005B9E9F /* SideMenuViewController.swift in Sources */,
				739D40DB1E7131880046CD60 /* CheckInTableViewCell.swift in Sources */,
				73D38D441E55590A005B9E9F /* ILoginView.swift in Sources */,
				730A71711E71B04000BA099A /* CheckOutReq.swift in Sources */,
				73D05FF31E5B3EDC00D8E371 /* ILaunchScreenView.swift in Sources */,
				739D40D81E70F8CC0046CD60 /* CheckInEntity.swift in Sources */,
				73ADC8B21E5706A6001D6B4F /* DeviceEntity.swift in Sources */,
				AA7BFD701E7B8098009C97D0 /* VerhicleRequest.swift in Sources */,
				73DC70CD1E68660300AEBBA5 /* IParkingInfoBottomSheet.swift in Sources */,
				73D38D961E55922E005B9E9F /* HomePresenter.swift in Sources */,
				7338A8441E763949004C9030 /* ProfileViewController.swift in Sources */,
				73ADC8B41E5707BC001D6B4F /* NIPLoginResult.swift in Sources */,
				73ADC8AC1E56EF87001D6B4F /* ResultBase.swift in Sources */,
				73B338DE1E6028FC00135688 /* FindParkingEntity.swift in Sources */,
				73D38DA11E55E598005B9E9F /* LoginViewController.swift in Sources */,
				73ADC8A41E56E545001D6B4F /* SessionManager.swift in Sources */,
				739D40D61E70E9880046CD60 /* VerhicleSortResult.swift in Sources */,
				AA52E2EB1E9DC99F00678E50 /* InfoViewController.swift in Sources */,
				AAB334171E77A0C300571FFA /* IFavoriteView.swift in Sources */,
				73D05FF11E5B3DB300D8E371 /* LaunchScreenViewController.swift in Sources */,
				73ADC8A81E56E980001D6B4F /* NIPError.swift in Sources */,
			);
			runOnlyForDeploymentPostprocessing = 0;
		};
		73D38D161E55505E005B9E9F /* Sources */ = {
			isa = PBXSourcesBuildPhase;
			buildActionMask = 2147483647;
			files = (
				73D38D1F1E55505E005B9E9F /* VParkingTests.swift in Sources */,
			);
			runOnlyForDeploymentPostprocessing = 0;
		};
		73D38D211E55505E005B9E9F /* Sources */ = {
			isa = PBXSourcesBuildPhase;
			buildActionMask = 2147483647;
			files = (
				73D38D2A1E55505E005B9E9F /* VParkingUITests.swift in Sources */,
			);
			runOnlyForDeploymentPostprocessing = 0;
		};
/* End PBXSourcesBuildPhase section */

/* Begin PBXTargetDependency section */
		73D38D1C1E55505E005B9E9F /* PBXTargetDependency */ = {
			isa = PBXTargetDependency;
			target = 73D38D051E55505E005B9E9F /* VParking */;
			targetProxy = 73D38D1B1E55505E005B9E9F /* PBXContainerItemProxy */;
		};
		73D38D271E55505E005B9E9F /* PBXTargetDependency */ = {
			isa = PBXTargetDependency;
			target = 73D38D051E55505E005B9E9F /* VParking */;
			targetProxy = 73D38D261E55505E005B9E9F /* PBXContainerItemProxy */;
		};
/* End PBXTargetDependency section */

/* Begin PBXVariantGroup section */
		73D38D121E55505E005B9E9F /* LaunchScreen.storyboard */ = {
			isa = PBXVariantGroup;
			children = (
				73D38D131E55505E005B9E9F /* Base */,
			);
			name = LaunchScreen.storyboard;
			sourceTree = "<group>";
		};
/* End PBXVariantGroup section */

/* Begin XCBuildConfiguration section */
		73D38D2C1E55505E005B9E9F /* Debug */ = {
			isa = XCBuildConfiguration;
			buildSettings = {
				ALWAYS_SEARCH_USER_PATHS = NO;
				CLANG_ANALYZER_NONNULL = YES;
				CLANG_CXX_LANGUAGE_STANDARD = "gnu++0x";
				CLANG_CXX_LIBRARY = "libstdc++";
				CLANG_ENABLE_MODULES = YES;
				CLANG_ENABLE_OBJC_ARC = YES;
				CLANG_WARN_BOOL_CONVERSION = YES;
				CLANG_WARN_CONSTANT_CONVERSION = YES;
				CLANG_WARN_DIRECT_OBJC_ISA_USAGE = YES_ERROR;
				CLANG_WARN_DOCUMENTATION_COMMENTS = YES;
				CLANG_WARN_EMPTY_BODY = YES;
				CLANG_WARN_ENUM_CONVERSION = YES;
				CLANG_WARN_INFINITE_RECURSION = YES;
				CLANG_WARN_INT_CONVERSION = YES;
				CLANG_WARN_OBJC_ROOT_CLASS = YES_ERROR;
				CLANG_WARN_SUSPICIOUS_MOVE = YES;
				CLANG_WARN_UNREACHABLE_CODE = YES;
				CLANG_WARN__DUPLICATE_METHOD_MATCH = YES;
				"CODE_SIGN_IDENTITY[sdk=iphoneos*]" = "iPhone Developer";
				COPY_PHASE_STRIP = NO;
				DEBUG_INFORMATION_FORMAT = dwarf;
				ENABLE_STRICT_OBJC_MSGSEND = YES;
				ENABLE_TESTABILITY = YES;
				"FRAMEWORK_SEARCH_PATHS[arch=*]" = "";
				GCC_C_LANGUAGE_STANDARD = gnu99;
				GCC_DYNAMIC_NO_PIC = NO;
				GCC_NO_COMMON_BLOCKS = YES;
				GCC_OPTIMIZATION_LEVEL = 0;
				GCC_PREPROCESSOR_DEFINITIONS = (
					"DEBUG=1",
					"$(inherited)",
				);
				GCC_WARN_64_TO_32_BIT_CONVERSION = YES;
				GCC_WARN_ABOUT_RETURN_TYPE = YES_ERROR;
				GCC_WARN_UNDECLARED_SELECTOR = YES;
				GCC_WARN_UNINITIALIZED_AUTOS = YES_AGGRESSIVE;
				GCC_WARN_UNUSED_FUNCTION = YES;
				GCC_WARN_UNUSED_VARIABLE = YES;
				IPHONEOS_DEPLOYMENT_TARGET = 9.0;
				MTL_ENABLE_DEBUG_INFO = YES;
				ONLY_ACTIVE_ARCH = YES;
				SDKROOT = iphoneos;
				SWIFT_ACTIVE_COMPILATION_CONDITIONS = DEBUG;
				SWIFT_OPTIMIZATION_LEVEL = "-Onone";
			};
			name = Debug;
		};
		73D38D2D1E55505E005B9E9F /* Release */ = {
			isa = XCBuildConfiguration;
			buildSettings = {
				ALWAYS_SEARCH_USER_PATHS = NO;
				CLANG_ANALYZER_NONNULL = YES;
				CLANG_CXX_LANGUAGE_STANDARD = "gnu++0x";
				CLANG_CXX_LIBRARY = "libstdc++";
				CLANG_ENABLE_MODULES = YES;
				CLANG_ENABLE_OBJC_ARC = YES;
				CLANG_WARN_BOOL_CONVERSION = YES;
				CLANG_WARN_CONSTANT_CONVERSION = YES;
				CLANG_WARN_DIRECT_OBJC_ISA_USAGE = YES_ERROR;
				CLANG_WARN_DOCUMENTATION_COMMENTS = YES;
				CLANG_WARN_EMPTY_BODY = YES;
				CLANG_WARN_ENUM_CONVERSION = YES;
				CLANG_WARN_INFINITE_RECURSION = YES;
				CLANG_WARN_INT_CONVERSION = YES;
				CLANG_WARN_OBJC_ROOT_CLASS = YES_ERROR;
				CLANG_WARN_SUSPICIOUS_MOVE = YES;
				CLANG_WARN_UNREACHABLE_CODE = YES;
				CLANG_WARN__DUPLICATE_METHOD_MATCH = YES;
				"CODE_SIGN_IDENTITY[sdk=iphoneos*]" = "iPhone Developer";
				COPY_PHASE_STRIP = NO;
				DEBUG_INFORMATION_FORMAT = "dwarf-with-dsym";
				ENABLE_NS_ASSERTIONS = NO;
				ENABLE_STRICT_OBJC_MSGSEND = YES;
				GCC_C_LANGUAGE_STANDARD = gnu99;
				GCC_NO_COMMON_BLOCKS = YES;
				GCC_WARN_64_TO_32_BIT_CONVERSION = YES;
				GCC_WARN_ABOUT_RETURN_TYPE = YES_ERROR;
				GCC_WARN_UNDECLARED_SELECTOR = YES;
				GCC_WARN_UNINITIALIZED_AUTOS = YES_AGGRESSIVE;
				GCC_WARN_UNUSED_FUNCTION = YES;
				GCC_WARN_UNUSED_VARIABLE = YES;
				IPHONEOS_DEPLOYMENT_TARGET = 9.0;
				MTL_ENABLE_DEBUG_INFO = NO;
				SDKROOT = iphoneos;
				SWIFT_OPTIMIZATION_LEVEL = "-Owholemodule";
				VALIDATE_PRODUCT = YES;
			};
			name = Release;
		};
		73D38D2F1E55505E005B9E9F /* Debug */ = {
			isa = XCBuildConfiguration;
			baseConfigurationReference = 3C4EF982E65819EA497ECE97 /* Pods-VParking.debug.xcconfig */;
			buildSettings = {
				ASSETCATALOG_COMPILER_APPICON_NAME = AppIcon;
				ASSETCATALOG_COMPILER_LAUNCHIMAGE_NAME = LaunchImage;
				CLANG_ENABLE_MODULES = YES;
				"CODE_SIGN_IDENTITY[sdk=iphoneos*]" = "iPhone Developer";
				DEVELOPMENT_TEAM = 88XZ7KT632;
				FRAMEWORK_SEARCH_PATHS = (
					"$(inherited)",
					/Volumes/DATA/WORK/XTEL/WORKING/FACEBOOKSDK,
				);
				HEADER_SEARCH_PATHS = (
					"$(inherited)",
					"\"${PODS_ROOT}/Headers/Public\"",
					"\"${PODS_ROOT}/Headers/Public/GoogleMaps\"",
					"\"${PODS_ROOT}/Headers/Public/GooglePlaces\"",
					"\"${PODS_ROOT}/Headers\"",
				);
				INFOPLIST_FILE = VParking/Info.plist;
				IPHONEOS_DEPLOYMENT_TARGET = 10.2;
				LD_RUNPATH_SEARCH_PATHS = "$(inherited) @executable_path/Frameworks";
				PRODUCT_BUNDLE_IDENTIFIER = com.xtel.VParking;
				PRODUCT_NAME = "$(TARGET_NAME)";
				PROVISIONING_PROFILE_SPECIFIER = "";
				SWIFT_OBJC_BRIDGING_HEADER = "VParking/VParking-Bridging-Header.h";
				SWIFT_OPTIMIZATION_LEVEL = "-Onone";
				SWIFT_VERSION = 3.0;
			};
			name = Debug;
		};
		73D38D301E55505E005B9E9F /* Release */ = {
			isa = XCBuildConfiguration;
			baseConfigurationReference = DBAD8365917799AEE4C6A400 /* Pods-VParking.release.xcconfig */;
			buildSettings = {
				ASSETCATALOG_COMPILER_APPICON_NAME = AppIcon;
				ASSETCATALOG_COMPILER_LAUNCHIMAGE_NAME = LaunchImage;
				CLANG_ENABLE_MODULES = YES;
				"CODE_SIGN_IDENTITY[sdk=iphoneos*]" = "iPhone Developer";
				DEVELOPMENT_TEAM = 88XZ7KT632;
				FRAMEWORK_SEARCH_PATHS = (
					"$(inherited)",
					/Volumes/DATA/WORK/XTEL/WORKING/FACEBOOKSDK,
				);
				HEADER_SEARCH_PATHS = (
					"$(inherited)",
					"\"${PODS_ROOT}/Headers/Public\"",
					"\"${PODS_ROOT}/Headers/Public/GoogleMaps\"",
					"\"${PODS_ROOT}/Headers/Public/GooglePlaces\"",
					"\"${PODS_ROOT}/Headers\"",
				);
				INFOPLIST_FILE = VParking/Info.plist;
				IPHONEOS_DEPLOYMENT_TARGET = 10.2;
				LD_RUNPATH_SEARCH_PATHS = "$(inherited) @executable_path/Frameworks";
				PRODUCT_BUNDLE_IDENTIFIER = com.xtel.VParking;
				PRODUCT_NAME = "$(TARGET_NAME)";
				PROVISIONING_PROFILE_SPECIFIER = "";
				SWIFT_OBJC_BRIDGING_HEADER = "VParking/VParking-Bridging-Header.h";
				SWIFT_VERSION = 3.0;
			};
			name = Release;
		};
		73D38D321E55505E005B9E9F /* Debug */ = {
			isa = XCBuildConfiguration;
			buildSettings = {
				ALWAYS_EMBED_SWIFT_STANDARD_LIBRARIES = YES;
				BUNDLE_LOADER = "$(TEST_HOST)";
				INFOPLIST_FILE = VParkingTests/Info.plist;
				LD_RUNPATH_SEARCH_PATHS = "$(inherited) @executable_path/Frameworks @loader_path/Frameworks";
				PRODUCT_BUNDLE_IDENTIFIER = com.xtel.VParkingTests;
				PRODUCT_NAME = "$(TARGET_NAME)";
				SWIFT_VERSION = 3.0;
				TEST_HOST = "$(BUILT_PRODUCTS_DIR)/VParking.app/VParking";
			};
			name = Debug;
		};
		73D38D331E55505E005B9E9F /* Release */ = {
			isa = XCBuildConfiguration;
			buildSettings = {
				ALWAYS_EMBED_SWIFT_STANDARD_LIBRARIES = YES;
				BUNDLE_LOADER = "$(TEST_HOST)";
				INFOPLIST_FILE = VParkingTests/Info.plist;
				LD_RUNPATH_SEARCH_PATHS = "$(inherited) @executable_path/Frameworks @loader_path/Frameworks";
				PRODUCT_BUNDLE_IDENTIFIER = com.xtel.VParkingTests;
				PRODUCT_NAME = "$(TARGET_NAME)";
				SWIFT_VERSION = 3.0;
				TEST_HOST = "$(BUILT_PRODUCTS_DIR)/VParking.app/VParking";
			};
			name = Release;
		};
		73D38D351E55505E005B9E9F /* Debug */ = {
			isa = XCBuildConfiguration;
			buildSettings = {
				ALWAYS_EMBED_SWIFT_STANDARD_LIBRARIES = YES;
				INFOPLIST_FILE = VParkingUITests/Info.plist;
				LD_RUNPATH_SEARCH_PATHS = "$(inherited) @executable_path/Frameworks @loader_path/Frameworks";
				PRODUCT_BUNDLE_IDENTIFIER = com.xtel.VParkingUITests;
				PRODUCT_NAME = "$(TARGET_NAME)";
				SWIFT_VERSION = 3.0;
				TEST_TARGET_NAME = VParking;
			};
			name = Debug;
		};
		73D38D361E55505E005B9E9F /* Release */ = {
			isa = XCBuildConfiguration;
			buildSettings = {
				ALWAYS_EMBED_SWIFT_STANDARD_LIBRARIES = YES;
				INFOPLIST_FILE = VParkingUITests/Info.plist;
				LD_RUNPATH_SEARCH_PATHS = "$(inherited) @executable_path/Frameworks @loader_path/Frameworks";
				PRODUCT_BUNDLE_IDENTIFIER = com.xtel.VParkingUITests;
				PRODUCT_NAME = "$(TARGET_NAME)";
				SWIFT_VERSION = 3.0;
				TEST_TARGET_NAME = VParking;
			};
			name = Release;
		};
/* End XCBuildConfiguration section */

/* Begin XCConfigurationList section */
		73D38D011E55505E005B9E9F /* Build configuration list for PBXProject "VParking" */ = {
			isa = XCConfigurationList;
			buildConfigurations = (
				73D38D2C1E55505E005B9E9F /* Debug */,
				73D38D2D1E55505E005B9E9F /* Release */,
			);
			defaultConfigurationIsVisible = 0;
			defaultConfigurationName = Release;
		};
		73D38D2E1E55505E005B9E9F /* Build configuration list for PBXNativeTarget "VParking" */ = {
			isa = XCConfigurationList;
			buildConfigurations = (
				73D38D2F1E55505E005B9E9F /* Debug */,
				73D38D301E55505E005B9E9F /* Release */,
			);
			defaultConfigurationIsVisible = 0;
			defaultConfigurationName = Release;
		};
		73D38D311E55505E005B9E9F /* Build configuration list for PBXNativeTarget "VParkingTests" */ = {
			isa = XCConfigurationList;
			buildConfigurations = (
				73D38D321E55505E005B9E9F /* Debug */,
				73D38D331E55505E005B9E9F /* Release */,
			);
			defaultConfigurationIsVisible = 0;
			defaultConfigurationName = Release;
		};
		73D38D341E55505E005B9E9F /* Build configuration list for PBXNativeTarget "VParkingUITests" */ = {
			isa = XCConfigurationList;
			buildConfigurations = (
				73D38D351E55505E005B9E9F /* Debug */,
				73D38D361E55505E005B9E9F /* Release */,
			);
			defaultConfigurationIsVisible = 0;
			defaultConfigurationName = Release;
		};
/* End XCConfigurationList section */
	};
	rootObject = 73D38CFE1E55505E005B9E9F /* Project object */;
}
